// !$*UTF8*$!
{
	archiveVersion = 1;
	classes = {
	};
	objectVersion = 51;
	objects = {

/* Begin PBXBuildFile section */
		46C7EC6352C57222C77C9ABA /* Pods_BlablaBlock.framework in Frameworks */ = {isa = PBXBuildFile; fileRef = 9C7DDF02B8A2C7ED2BA6233A /* Pods_BlablaBlock.framework */; };
		4A252CCA273F9209005E4C93 /* AlertBuilder.swift in Sources */ = {isa = PBXBuildFile; fileRef = 4A252CC9273F9209005E4C93 /* AlertBuilder.swift */; };
		4A252CCC273F96A4005E4C93 /* Utils.swift in Sources */ = {isa = PBXBuildFile; fileRef = 4A252CCB273F96A4005E4C93 /* Utils.swift */; };
		4A252CCE273F9737005E4C93 /* View.swift in Sources */ = {isa = PBXBuildFile; fileRef = 4A252CCD273F9737005E4C93 /* View.swift */; };
		4A252CD0273F9751005E4C93 /* ViewController.swift in Sources */ = {isa = PBXBuildFile; fileRef = 4A252CCF273F9751005E4C93 /* ViewController.swift */; };
		4A4B4DED2770E0B600075933 /* PagedView.swift in Sources */ = {isa = PBXBuildFile; fileRef = 4A4B4DEC2770E0B600075933 /* PagedView.swift */; };
		4A4B4DEF2770E10E00075933 /* PagedViewCell.swift in Sources */ = {isa = PBXBuildFile; fileRef = 4A4B4DEE2770E10E00075933 /* PagedViewCell.swift */; };
		4A4B4DF22770E4B100075933 /* PortfolioView.swift in Sources */ = {isa = PBXBuildFile; fileRef = 4A4B4DF12770E4B100075933 /* PortfolioView.swift */; };
		4A4B4DF42770E4C600075933 /* PortfolioView.xib in Resources */ = {isa = PBXBuildFile; fileRef = 4A4B4DF32770E4C600075933 /* PortfolioView.xib */; };
		4A4B4DF62770E5E300075933 /* ExchangeListTableViewCell.xib in Resources */ = {isa = PBXBuildFile; fileRef = 4A4B4DF52770E5E300075933 /* ExchangeListTableViewCell.xib */; };
		4A543A482779CF1700662B12 /* PickerView.swift in Sources */ = {isa = PBXBuildFile; fileRef = 4A543A472779CF1700662B12 /* PickerView.swift */; };
		4A581C9627CBC94C00276BA9 /* SearchUserViewController.swift in Sources */ = {isa = PBXBuildFile; fileRef = 4A581C9527CBC94C00276BA9 /* SearchUserViewController.swift */; };
		4A581C9827CBCFB200276BA9 /* PaddingTextField.swift in Sources */ = {isa = PBXBuildFile; fileRef = 4A581C9727CBCFB200276BA9 /* PaddingTextField.swift */; };
		4A581C9A27CBD25F00276BA9 /* SearchUserCollectionView.swift in Sources */ = {isa = PBXBuildFile; fileRef = 4A581C9927CBD25F00276BA9 /* SearchUserCollectionView.swift */; };
		4A581C9C27CBD28200276BA9 /* SearchUserCollectionViewCell.swift in Sources */ = {isa = PBXBuildFile; fileRef = 4A581C9B27CBD28200276BA9 /* SearchUserCollectionViewCell.swift */; };
		4A5FE1F827365E0F004AD836 /* LinkExchangeViewController.swift in Sources */ = {isa = PBXBuildFile; fileRef = 4A5FE1F727365E0F004AD836 /* LinkExchangeViewController.swift */; };
		4A6C9F0F27CD09F3003B42F8 /* HomePageViewController.swift in Sources */ = {isa = PBXBuildFile; fileRef = 4A6C9F0E27CD09F3003B42F8 /* HomePageViewController.swift */; };
		4A6C9F1227CD1209003B42F8 /* HomePageTableView.swift in Sources */ = {isa = PBXBuildFile; fileRef = 4A6C9F1127CD1209003B42F8 /* HomePageTableView.swift */; };
		4A6C9F1427CD1277003B42F8 /* HomePageTableViewCell.swift in Sources */ = {isa = PBXBuildFile; fileRef = 4A6C9F1327CD1277003B42F8 /* HomePageTableViewCell.swift */; };
		4A6C9F1627CD288C003B42F8 /* FollowService.swift in Sources */ = {isa = PBXBuildFile; fileRef = 4A6C9F1527CD288C003B42F8 /* FollowService.swift */; };
		4A6C9F1827CD28D8003B42F8 /* Follow.swift in Sources */ = {isa = PBXBuildFile; fileRef = 4A6C9F1727CD28D8003B42F8 /* Follow.swift */; };
		4A6C9F1A27CD2A3E003B42F8 /* Notification.swift in Sources */ = {isa = PBXBuildFile; fileRef = 4A6C9F1927CD2A3E003B42F8 /* Notification.swift */; };
		4A6C9F1E27CD2C94003B42F8 /* CurrencyIcon.swift in Sources */ = {isa = PBXBuildFile; fileRef = 4A6C9F1D27CD2C94003B42F8 /* CurrencyIcon.swift */; };
		4A6C9F2027CD2EFD003B42F8 /* HomeViewModel.swift in Sources */ = {isa = PBXBuildFile; fileRef = 4A6C9F1F27CD2EFD003B42F8 /* HomeViewModel.swift */; };
		4A6C9F2227CD39DF003B42F8 /* HttpError.swift in Sources */ = {isa = PBXBuildFile; fileRef = 4A6C9F2127CD39DF003B42F8 /* HttpError.swift */; };
		4A741C0A27CB45D300594A5D /* TradeHistoryViewController.swift in Sources */ = {isa = PBXBuildFile; fileRef = 4A741C0927CB45D300594A5D /* TradeHistoryViewController.swift */; };
		4A741C0C27CB468500594A5D /* TradeHistoryTableView.swift in Sources */ = {isa = PBXBuildFile; fileRef = 4A741C0B27CB468500594A5D /* TradeHistoryTableView.swift */; };
		4A741C0E27CB46B300594A5D /* TradeHistoryTableViewCell.swift in Sources */ = {isa = PBXBuildFile; fileRef = 4A741C0D27CB46B300594A5D /* TradeHistoryTableViewCell.swift */; };
		4A741C1027CB587300594A5D /* History.swift in Sources */ = {isa = PBXBuildFile; fileRef = 4A741C0F27CB587300594A5D /* History.swift */; };
		4A741C1227CB597500594A5D /* TradeHistoryViewModel.swift in Sources */ = {isa = PBXBuildFile; fileRef = 4A741C1127CB597500594A5D /* TradeHistoryViewModel.swift */; };
		4A7744B7276F8A350087A447 /* ResponseFailure.swift in Sources */ = {isa = PBXBuildFile; fileRef = 4A7744B6276F8A350087A447 /* ResponseFailure.swift */; };
		4A7744B9276F8E3C0087A447 /* ExchangeApiService.swift in Sources */ = {isa = PBXBuildFile; fileRef = 4A7744B8276F8E3C0087A447 /* ExchangeApiService.swift */; };
		4A7744BB276F95910087A447 /* StatisticsService.swift in Sources */ = {isa = PBXBuildFile; fileRef = 4A7744BA276F95910087A447 /* StatisticsService.swift */; };
		4A7744BD276F96170087A447 /* Portfolio.swift in Sources */ = {isa = PBXBuildFile; fileRef = 4A7744BC276F96170087A447 /* Portfolio.swift */; };
		4A7744BF276F97520087A447 /* PNL.swift in Sources */ = {isa = PBXBuildFile; fileRef = 4A7744BE276F97520087A447 /* PNL.swift */; };
		4A7744C5276FA1B50087A447 /* StatisticsViewModel.swift in Sources */ = {isa = PBXBuildFile; fileRef = 4A7744C4276FA1B50087A447 /* StatisticsViewModel.swift */; };
		4A7A18FB27D2F68B00AF24A8 /* FollowViewController.swift in Sources */ = {isa = PBXBuildFile; fileRef = 4A7A18FA27D2F68B00AF24A8 /* FollowViewController.swift */; };
		4A7A18FE27D2FA6400AF24A8 /* BaseTabViewController.swift in Sources */ = {isa = PBXBuildFile; fileRef = 4A7A18FD27D2FA6400AF24A8 /* BaseTabViewController.swift */; };
		4A7A190027D2FAF600AF24A8 /* FollowListViewController.swift in Sources */ = {isa = PBXBuildFile; fileRef = 4A7A18FF27D2FAF600AF24A8 /* FollowListViewController.swift */; };
		4A7A190227D2FB4D00AF24A8 /* FollowListTableView.swift in Sources */ = {isa = PBXBuildFile; fileRef = 4A7A190127D2FB4D00AF24A8 /* FollowListTableView.swift */; };
		4A7A190427D2FBAC00AF24A8 /* FollowListTableViewCell.swift in Sources */ = {isa = PBXBuildFile; fileRef = 4A7A190327D2FBAC00AF24A8 /* FollowListTableViewCell.swift */; };
		4A7A190627D3098C00AF24A8 /* FollowViewModel.swift in Sources */ = {isa = PBXBuildFile; fileRef = 4A7A190527D3098C00AF24A8 /* FollowViewModel.swift */; };
		4A7A190A27D331D400AF24A8 /* UserViewModel.swift in Sources */ = {isa = PBXBuildFile; fileRef = 4A7A190927D331D400AF24A8 /* UserViewModel.swift */; };
		4A7A190C27D3329000AF24A8 /* UserService.swift in Sources */ = {isa = PBXBuildFile; fileRef = 4A7A190B27D3329000AF24A8 /* UserService.swift */; };
		4A7A190E27D332DC00AF24A8 /* User.swift in Sources */ = {isa = PBXBuildFile; fileRef = 4A7A190D27D332DC00AF24A8 /* User.swift */; };
		4A7AFE2227393ED4005E0A72 /* GoogleService-Info.plist in Resources */ = {isa = PBXBuildFile; fileRef = 4A7AFE2127393ED4005E0A72 /* GoogleService-Info.plist */; };
		4A7B8AA4276FBEB200756E05 /* ExchangeApiViewModel.swift in Sources */ = {isa = PBXBuildFile; fileRef = 4A7B8AA3276FBEB200756E05 /* ExchangeApiViewModel.swift */; };
		4AA9F810276DD68B00D775F0 /* Resolver.swift in Sources */ = {isa = PBXBuildFile; fileRef = 4AA9F80F276DD68B00D775F0 /* Resolver.swift */; };
		4AA9F812276DD6A200D775F0 /* BaseViewController.swift in Sources */ = {isa = PBXBuildFile; fileRef = 4AA9F811276DD6A200D775F0 /* BaseViewController.swift */; };
		4AA9F814276E473800D775F0 /* BaseViewModel.swift in Sources */ = {isa = PBXBuildFile; fileRef = 4AA9F813276E473800D775F0 /* BaseViewModel.swift */; };
		4ABA209F273BDC5000F66DB9 /* AuthViewModel.swift in Sources */ = {isa = PBXBuildFile; fileRef = 4ABA209E273BDC5000F66DB9 /* AuthViewModel.swift */; };
		4ABA20A1273BDCB500F66DB9 /* String.swift in Sources */ = {isa = PBXBuildFile; fileRef = 4ABA20A0273BDCB500F66DB9 /* String.swift */; };
		4AEE577C27D7B841006D8313 /* UserStatisticsViewModel.swift in Sources */ = {isa = PBXBuildFile; fileRef = 4AEE577B27D7B841006D8313 /* UserStatisticsViewModel.swift */; };
		4AFC6577276E7E3900ADEDA7 /* InputAlertBuilder.swift in Sources */ = {isa = PBXBuildFile; fileRef = 4AFC6576276E7E3900ADEDA7 /* InputAlertBuilder.swift */; };
		7C21BD24E9DFC3B795B0358B /* Pods_BlablaBlock_BlablaBlockUITests.framework in Frameworks */ = {isa = PBXBuildFile; fileRef = DD43244C5F0653EAD9217690 /* Pods_BlablaBlock_BlablaBlockUITests.framework */; };
		A01B78E2277711880061E86A /* Login.swift in Sources */ = {isa = PBXBuildFile; fileRef = A01B78E1277711880061E86A /* Login.swift */; };
		A0290E242722F55B00A07224 /* Colors.xcassets in Resources */ = {isa = PBXBuildFile; fileRef = A0290E232722F55B00A07224 /* Colors.xcassets */; };
		A0290E272722F6EE00A07224 /* RadioButtonGroup.swift in Sources */ = {isa = PBXBuildFile; fileRef = A0290E262722F6EE00A07224 /* RadioButtonGroup.swift */; };
		A0290E2927230AAF00A07224 /* RadioButton.swift in Sources */ = {isa = PBXBuildFile; fileRef = A0290E2827230AAF00A07224 /* RadioButton.swift */; };
		A0290E2B27230E5800A07224 /* Timber.swift in Sources */ = {isa = PBXBuildFile; fileRef = A0290E2A27230E5800A07224 /* Timber.swift */; };
		A0290E2F272319DE00A07224 /* StatisticsViewController.swift in Sources */ = {isa = PBXBuildFile; fileRef = A0290E2E272319DE00A07224 /* StatisticsViewController.swift */; };
		A0859AE5272DBE8100CF936E /* ExchangeListTableView.swift in Sources */ = {isa = PBXBuildFile; fileRef = A0859AE4272DBE8100CF936E /* ExchangeListTableView.swift */; };
		A08D5C1C278026FD00228ECE /* HttpApiConfig.swift in Sources */ = {isa = PBXBuildFile; fileRef = A08D5C1B278026FD00228ECE /* HttpApiConfig.swift */; };
		A08E8E652778E25E0041AC61 /* Registration.swift in Sources */ = {isa = PBXBuildFile; fileRef = A08E8E642778E25E0041AC61 /* Registration.swift */; };
		A0921267277F56B40083BBBF /* KeychainAccess.swift in Sources */ = {isa = PBXBuildFile; fileRef = A0921266277F56B40083BBBF /* KeychainAccess.swift */; };
		A092DEB027738BEC00E98A2B /* PNLView.swift in Sources */ = {isa = PBXBuildFile; fileRef = A092DEAF27738BEC00E98A2B /* PNLView.swift */; };
		A092DEB227738BFE00E98A2B /* PNLView.xib in Resources */ = {isa = PBXBuildFile; fileRef = A092DEB127738BFE00E98A2B /* PNLView.xib */; };
		A09D70E3272518F700ACE44A /* LinkCardView.swift in Sources */ = {isa = PBXBuildFile; fileRef = A09D70E2272518F700ACE44A /* LinkCardView.swift */; };
		A09D70E52725194B00ACE44A /* LinkCardView.xib in Resources */ = {isa = PBXBuildFile; fileRef = A09D70E42725194B00ACE44A /* LinkCardView.xib */; };
		A09D70E727251C3500ACE44A /* SettingViewController.swift in Sources */ = {isa = PBXBuildFile; fileRef = A09D70E627251C3500ACE44A /* SettingViewController.swift */; };
		A0C1FB6D27647EC700C4201A /* HttpResponseTargetType.swift in Sources */ = {isa = PBXBuildFile; fileRef = A0C1FB6C27647EC700C4201A /* HttpResponseTargetType.swift */; };
		A0C1FB722764935300C4201A /* ResponseSuccess.swift in Sources */ = {isa = PBXBuildFile; fileRef = A0C1FB712764935300C4201A /* ResponseSuccess.swift */; };
		A0C1FB7427649B0F00C4201A /* AuthService.swift in Sources */ = {isa = PBXBuildFile; fileRef = A0C1FB7327649B0F00C4201A /* AuthService.swift */; };
		A0C1FB7A2764B5B900C4201A /* MoyaLoggerPlugin.swift in Sources */ = {isa = PBXBuildFile; fileRef = A0C1FB792764B5B900C4201A /* MoyaLoggerPlugin.swift */; };
		A0C8E559271FF18900848FCB /* AppDelegate.swift in Sources */ = {isa = PBXBuildFile; fileRef = A0C8E558271FF18900848FCB /* AppDelegate.swift */; };
		A0C8E560271FF18900848FCB /* Main.storyboard in Resources */ = {isa = PBXBuildFile; fileRef = A0C8E55E271FF18900848FCB /* Main.storyboard */; };
		A0C8E562271FF19000848FCB /* Assets.xcassets in Resources */ = {isa = PBXBuildFile; fileRef = A0C8E561271FF19000848FCB /* Assets.xcassets */; };
		A0C8E565271FF19000848FCB /* LaunchScreen.storyboard in Resources */ = {isa = PBXBuildFile; fileRef = A0C8E563271FF19000848FCB /* LaunchScreen.storyboard */; };
		A0C8E570271FF19000848FCB /* BlablaBlockTests.swift in Sources */ = {isa = PBXBuildFile; fileRef = A0C8E56F271FF19000848FCB /* BlablaBlockTests.swift */; };
		A0C8E57B271FF19000848FCB /* BlablaBlockUITests.swift in Sources */ = {isa = PBXBuildFile; fileRef = A0C8E57A271FF19000848FCB /* BlablaBlockUITests.swift */; };
		A0C8E58B271FFAEE00848FCB /* SignInViewController.swift in Sources */ = {isa = PBXBuildFile; fileRef = A0C8E58A271FFAEE00848FCB /* SignInViewController.swift */; };
		A0C8E58E271FFCB400848FCB /* Extensions.swift in Sources */ = {isa = PBXBuildFile; fileRef = A0C8E58D271FFCB400848FCB /* Extensions.swift */; };
		A0C8E5922720075A00848FCB /* NormalInputView.xib in Resources */ = {isa = PBXBuildFile; fileRef = A0C8E5912720075A00848FCB /* NormalInputView.xib */; };
		A0C8E594272008BA00848FCB /* NormalInputView.swift in Sources */ = {isa = PBXBuildFile; fileRef = A0C8E593272008BA00848FCB /* NormalInputView.swift */; };
		A0C8E59627200ED300848FCB /* ColorButton.swift in Sources */ = {isa = PBXBuildFile; fileRef = A0C8E59527200ED300848FCB /* ColorButton.swift */; };
		A0C8E5982720125800848FCB /* ColorTextButton.swift in Sources */ = {isa = PBXBuildFile; fileRef = A0C8E5972720125800848FCB /* ColorTextButton.swift */; };
		A0DAD58F2778441C00CD8760 /* LauncherViewController.swift in Sources */ = {isa = PBXBuildFile; fileRef = A0DAD58E2778441C00CD8760 /* LauncherViewController.swift */; };
		A0DAD5B127784BEA00CD8760 /* SceneDelegate.swift in Sources */ = {isa = PBXBuildFile; fileRef = A0DAD5B027784BEA00CD8760 /* SceneDelegate.swift */; };
		A0DAD5B32778510100CD8760 /* UserDefaults.swift in Sources */ = {isa = PBXBuildFile; fileRef = A0DAD5B22778510100CD8760 /* UserDefaults.swift */; };
		A0DAD5B8277861D600CD8760 /* MainCoordinator.swift in Sources */ = {isa = PBXBuildFile; fileRef = A0DAD5B7277861D600CD8760 /* MainCoordinator.swift */; };
		A0DAD5BA277861FD00CD8760 /* Coordinator.swift in Sources */ = {isa = PBXBuildFile; fileRef = A0DAD5B9277861FD00CD8760 /* Coordinator.swift */; };
		A0DAD5BC2778627000CD8760 /* Storyboarded.swift in Sources */ = {isa = PBXBuildFile; fileRef = A0DAD5BB2778627000CD8760 /* Storyboarded.swift */; };
		A0DAD5C027787A1800CD8760 /* Exchange.swift in Sources */ = {isa = PBXBuildFile; fileRef = A0DAD5BF27787A1800CD8760 /* Exchange.swift */; };
		D62D2B9B7FC84A28A2C1F52C /* Pods_BlablaBlockTests.framework in Frameworks */ = {isa = PBXBuildFile; fileRef = 8A4F9FA2216368FC2234CB9B /* Pods_BlablaBlockTests.framework */; };
/* End PBXBuildFile section */

/* Begin PBXContainerItemProxy section */
		A0C8E56C271FF19000848FCB /* PBXContainerItemProxy */ = {
			isa = PBXContainerItemProxy;
			containerPortal = A0C8E54D271FF18900848FCB /* Project object */;
			proxyType = 1;
			remoteGlobalIDString = A0C8E554271FF18900848FCB;
			remoteInfo = BrabraBlock;
		};
		A0C8E577271FF19000848FCB /* PBXContainerItemProxy */ = {
			isa = PBXContainerItemProxy;
			containerPortal = A0C8E54D271FF18900848FCB /* Project object */;
			proxyType = 1;
			remoteGlobalIDString = A0C8E554271FF18900848FCB;
			remoteInfo = BrabraBlock;
		};
/* End PBXContainerItemProxy section */

/* Begin PBXFileReference section */
		066E1089AFA88F4D12AEB030 /* Pods-BlablaBlockTests.debug.xcconfig */ = {isa = PBXFileReference; includeInIndex = 1; lastKnownFileType = text.xcconfig; name = "Pods-BlablaBlockTests.debug.xcconfig"; path = "Target Support Files/Pods-BlablaBlockTests/Pods-BlablaBlockTests.debug.xcconfig"; sourceTree = "<group>"; };
		0F285A77444CEAEBD826CA43 /* Pods-BlablaBlockTests.release.xcconfig */ = {isa = PBXFileReference; includeInIndex = 1; lastKnownFileType = text.xcconfig; name = "Pods-BlablaBlockTests.release.xcconfig"; path = "Target Support Files/Pods-BlablaBlockTests/Pods-BlablaBlockTests.release.xcconfig"; sourceTree = "<group>"; };
		1EAA7F54C51D44E108C43650 /* Pods-BlablaBlock-BlablaBlockUITests.debug.xcconfig */ = {isa = PBXFileReference; includeInIndex = 1; lastKnownFileType = text.xcconfig; name = "Pods-BlablaBlock-BlablaBlockUITests.debug.xcconfig"; path = "Target Support Files/Pods-BlablaBlock-BlablaBlockUITests/Pods-BlablaBlock-BlablaBlockUITests.debug.xcconfig"; sourceTree = "<group>"; };
		2383D8BB6CEC99F34E3A3B03 /* Pods-BlablaBlock.debug.xcconfig */ = {isa = PBXFileReference; includeInIndex = 1; lastKnownFileType = text.xcconfig; name = "Pods-BlablaBlock.debug.xcconfig"; path = "Target Support Files/Pods-BlablaBlock/Pods-BlablaBlock.debug.xcconfig"; sourceTree = "<group>"; };
		4A252CC9273F9209005E4C93 /* AlertBuilder.swift */ = {isa = PBXFileReference; lastKnownFileType = sourcecode.swift; path = AlertBuilder.swift; sourceTree = "<group>"; };
		4A252CCB273F96A4005E4C93 /* Utils.swift */ = {isa = PBXFileReference; lastKnownFileType = sourcecode.swift; path = Utils.swift; sourceTree = "<group>"; };
		4A252CCD273F9737005E4C93 /* View.swift */ = {isa = PBXFileReference; lastKnownFileType = sourcecode.swift; path = View.swift; sourceTree = "<group>"; };
		4A252CCF273F9751005E4C93 /* ViewController.swift */ = {isa = PBXFileReference; lastKnownFileType = sourcecode.swift; path = ViewController.swift; sourceTree = "<group>"; };
		4A4B4DEC2770E0B600075933 /* PagedView.swift */ = {isa = PBXFileReference; lastKnownFileType = sourcecode.swift; path = PagedView.swift; sourceTree = "<group>"; };
		4A4B4DEE2770E10E00075933 /* PagedViewCell.swift */ = {isa = PBXFileReference; lastKnownFileType = sourcecode.swift; path = PagedViewCell.swift; sourceTree = "<group>"; };
		4A4B4DF12770E4B100075933 /* PortfolioView.swift */ = {isa = PBXFileReference; lastKnownFileType = sourcecode.swift; path = PortfolioView.swift; sourceTree = "<group>"; };
		4A4B4DF32770E4C600075933 /* PortfolioView.xib */ = {isa = PBXFileReference; lastKnownFileType = file.xib; path = PortfolioView.xib; sourceTree = "<group>"; };
		4A4B4DF52770E5E300075933 /* ExchangeListTableViewCell.xib */ = {isa = PBXFileReference; lastKnownFileType = file.xib; path = ExchangeListTableViewCell.xib; sourceTree = "<group>"; };
		4A543A472779CF1700662B12 /* PickerView.swift */ = {isa = PBXFileReference; lastKnownFileType = sourcecode.swift; path = PickerView.swift; sourceTree = "<group>"; };
		4A581C9527CBC94C00276BA9 /* SearchUserViewController.swift */ = {isa = PBXFileReference; lastKnownFileType = sourcecode.swift; path = SearchUserViewController.swift; sourceTree = "<group>"; };
		4A581C9727CBCFB200276BA9 /* PaddingTextField.swift */ = {isa = PBXFileReference; lastKnownFileType = sourcecode.swift; path = PaddingTextField.swift; sourceTree = "<group>"; };
		4A581C9927CBD25F00276BA9 /* SearchUserCollectionView.swift */ = {isa = PBXFileReference; lastKnownFileType = sourcecode.swift; path = SearchUserCollectionView.swift; sourceTree = "<group>"; };
		4A581C9B27CBD28200276BA9 /* SearchUserCollectionViewCell.swift */ = {isa = PBXFileReference; lastKnownFileType = sourcecode.swift; path = SearchUserCollectionViewCell.swift; sourceTree = "<group>"; };
		4A5FE1F727365E0F004AD836 /* LinkExchangeViewController.swift */ = {isa = PBXFileReference; lastKnownFileType = sourcecode.swift; path = LinkExchangeViewController.swift; sourceTree = "<group>"; };
		4A61598627D4CEDE0085BF4D /* BlablaBlock.entitlements */ = {isa = PBXFileReference; lastKnownFileType = text.plist.entitlements; path = BlablaBlock.entitlements; sourceTree = "<group>"; };
		4A6C9F0E27CD09F3003B42F8 /* HomePageViewController.swift */ = {isa = PBXFileReference; lastKnownFileType = sourcecode.swift; path = HomePageViewController.swift; sourceTree = "<group>"; };
		4A6C9F1127CD1209003B42F8 /* HomePageTableView.swift */ = {isa = PBXFileReference; lastKnownFileType = sourcecode.swift; path = HomePageTableView.swift; sourceTree = "<group>"; };
		4A6C9F1327CD1277003B42F8 /* HomePageTableViewCell.swift */ = {isa = PBXFileReference; lastKnownFileType = sourcecode.swift; path = HomePageTableViewCell.swift; sourceTree = "<group>"; };
		4A6C9F1527CD288C003B42F8 /* FollowService.swift */ = {isa = PBXFileReference; lastKnownFileType = sourcecode.swift; path = FollowService.swift; sourceTree = "<group>"; };
		4A6C9F1727CD28D8003B42F8 /* Follow.swift */ = {isa = PBXFileReference; lastKnownFileType = sourcecode.swift; path = Follow.swift; sourceTree = "<group>"; };
		4A6C9F1927CD2A3E003B42F8 /* Notification.swift */ = {isa = PBXFileReference; lastKnownFileType = sourcecode.swift; path = Notification.swift; sourceTree = "<group>"; };
		4A6C9F1D27CD2C94003B42F8 /* CurrencyIcon.swift */ = {isa = PBXFileReference; lastKnownFileType = sourcecode.swift; path = CurrencyIcon.swift; sourceTree = "<group>"; };
		4A6C9F1F27CD2EFD003B42F8 /* HomeViewModel.swift */ = {isa = PBXFileReference; lastKnownFileType = sourcecode.swift; path = HomeViewModel.swift; sourceTree = "<group>"; };
		4A6C9F2127CD39DF003B42F8 /* HttpError.swift */ = {isa = PBXFileReference; lastKnownFileType = sourcecode.swift; path = HttpError.swift; sourceTree = "<group>"; };
		4A741C0927CB45D300594A5D /* TradeHistoryViewController.swift */ = {isa = PBXFileReference; lastKnownFileType = sourcecode.swift; path = TradeHistoryViewController.swift; sourceTree = "<group>"; };
		4A741C0B27CB468500594A5D /* TradeHistoryTableView.swift */ = {isa = PBXFileReference; lastKnownFileType = sourcecode.swift; path = TradeHistoryTableView.swift; sourceTree = "<group>"; };
		4A741C0D27CB46B300594A5D /* TradeHistoryTableViewCell.swift */ = {isa = PBXFileReference; lastKnownFileType = sourcecode.swift; path = TradeHistoryTableViewCell.swift; sourceTree = "<group>"; };
		4A741C0F27CB587300594A5D /* History.swift */ = {isa = PBXFileReference; lastKnownFileType = sourcecode.swift; path = History.swift; sourceTree = "<group>"; };
		4A741C1127CB597500594A5D /* TradeHistoryViewModel.swift */ = {isa = PBXFileReference; lastKnownFileType = sourcecode.swift; path = TradeHistoryViewModel.swift; sourceTree = "<group>"; };
		4A7744B6276F8A350087A447 /* ResponseFailure.swift */ = {isa = PBXFileReference; lastKnownFileType = sourcecode.swift; path = ResponseFailure.swift; sourceTree = "<group>"; };
		4A7744B8276F8E3C0087A447 /* ExchangeApiService.swift */ = {isa = PBXFileReference; lastKnownFileType = sourcecode.swift; path = ExchangeApiService.swift; sourceTree = "<group>"; };
		4A7744BA276F95910087A447 /* StatisticsService.swift */ = {isa = PBXFileReference; lastKnownFileType = sourcecode.swift; path = StatisticsService.swift; sourceTree = "<group>"; };
		4A7744BC276F96170087A447 /* Portfolio.swift */ = {isa = PBXFileReference; lastKnownFileType = sourcecode.swift; path = Portfolio.swift; sourceTree = "<group>"; };
		4A7744BE276F97520087A447 /* PNL.swift */ = {isa = PBXFileReference; lastKnownFileType = sourcecode.swift; path = PNL.swift; sourceTree = "<group>"; };
		4A7744C4276FA1B50087A447 /* StatisticsViewModel.swift */ = {isa = PBXFileReference; lastKnownFileType = sourcecode.swift; path = StatisticsViewModel.swift; sourceTree = "<group>"; };
		4A7A18FA27D2F68B00AF24A8 /* FollowViewController.swift */ = {isa = PBXFileReference; lastKnownFileType = sourcecode.swift; path = FollowViewController.swift; sourceTree = "<group>"; };
		4A7A18FD27D2FA6400AF24A8 /* BaseTabViewController.swift */ = {isa = PBXFileReference; lastKnownFileType = sourcecode.swift; path = BaseTabViewController.swift; sourceTree = "<group>"; };
		4A7A18FF27D2FAF600AF24A8 /* FollowListViewController.swift */ = {isa = PBXFileReference; lastKnownFileType = sourcecode.swift; path = FollowListViewController.swift; sourceTree = "<group>"; };
		4A7A190127D2FB4D00AF24A8 /* FollowListTableView.swift */ = {isa = PBXFileReference; lastKnownFileType = sourcecode.swift; path = FollowListTableView.swift; sourceTree = "<group>"; };
		4A7A190327D2FBAC00AF24A8 /* FollowListTableViewCell.swift */ = {isa = PBXFileReference; lastKnownFileType = sourcecode.swift; path = FollowListTableViewCell.swift; sourceTree = "<group>"; };
		4A7A190527D3098C00AF24A8 /* FollowViewModel.swift */ = {isa = PBXFileReference; lastKnownFileType = sourcecode.swift; path = FollowViewModel.swift; sourceTree = "<group>"; };
		4A7A190927D331D400AF24A8 /* UserViewModel.swift */ = {isa = PBXFileReference; lastKnownFileType = sourcecode.swift; path = UserViewModel.swift; sourceTree = "<group>"; };
		4A7A190B27D3329000AF24A8 /* UserService.swift */ = {isa = PBXFileReference; lastKnownFileType = sourcecode.swift; path = UserService.swift; sourceTree = "<group>"; };
		4A7A190D27D332DC00AF24A8 /* User.swift */ = {isa = PBXFileReference; lastKnownFileType = sourcecode.swift; path = User.swift; sourceTree = "<group>"; };
		4A7AFE2127393ED4005E0A72 /* GoogleService-Info.plist */ = {isa = PBXFileReference; fileEncoding = 4; lastKnownFileType = text.plist.xml; path = "GoogleService-Info.plist"; sourceTree = "<group>"; };
		4A7B8AA3276FBEB200756E05 /* ExchangeApiViewModel.swift */ = {isa = PBXFileReference; lastKnownFileType = sourcecode.swift; path = ExchangeApiViewModel.swift; sourceTree = "<group>"; };
		4AA9F80F276DD68B00D775F0 /* Resolver.swift */ = {isa = PBXFileReference; fileEncoding = 4; lastKnownFileType = sourcecode.swift; path = Resolver.swift; sourceTree = "<group>"; };
		4AA9F811276DD6A200D775F0 /* BaseViewController.swift */ = {isa = PBXFileReference; fileEncoding = 4; lastKnownFileType = sourcecode.swift; path = BaseViewController.swift; sourceTree = "<group>"; };
		4AA9F813276E473800D775F0 /* BaseViewModel.swift */ = {isa = PBXFileReference; lastKnownFileType = sourcecode.swift; path = BaseViewModel.swift; sourceTree = "<group>"; };
		4ABA209E273BDC5000F66DB9 /* AuthViewModel.swift */ = {isa = PBXFileReference; lastKnownFileType = sourcecode.swift; path = AuthViewModel.swift; sourceTree = "<group>"; };
		4ABA20A0273BDCB500F66DB9 /* String.swift */ = {isa = PBXFileReference; lastKnownFileType = sourcecode.swift; path = String.swift; sourceTree = "<group>"; };
		4AEE577B27D7B841006D8313 /* UserStatisticsViewModel.swift */ = {isa = PBXFileReference; lastKnownFileType = sourcecode.swift; path = UserStatisticsViewModel.swift; sourceTree = "<group>"; };
		4AFC6576276E7E3900ADEDA7 /* InputAlertBuilder.swift */ = {isa = PBXFileReference; lastKnownFileType = sourcecode.swift; path = InputAlertBuilder.swift; sourceTree = "<group>"; };
		8A4F9FA2216368FC2234CB9B /* Pods_BlablaBlockTests.framework */ = {isa = PBXFileReference; explicitFileType = wrapper.framework; includeInIndex = 0; path = Pods_BlablaBlockTests.framework; sourceTree = BUILT_PRODUCTS_DIR; };
		9C7DDF02B8A2C7ED2BA6233A /* Pods_BlablaBlock.framework */ = {isa = PBXFileReference; explicitFileType = wrapper.framework; includeInIndex = 0; path = Pods_BlablaBlock.framework; sourceTree = BUILT_PRODUCTS_DIR; };
		A01B78E1277711880061E86A /* Login.swift */ = {isa = PBXFileReference; lastKnownFileType = sourcecode.swift; path = Login.swift; sourceTree = "<group>"; };
		A0290E232722F55B00A07224 /* Colors.xcassets */ = {isa = PBXFileReference; lastKnownFileType = folder.assetcatalog; path = Colors.xcassets; sourceTree = "<group>"; };
		A0290E262722F6EE00A07224 /* RadioButtonGroup.swift */ = {isa = PBXFileReference; lastKnownFileType = sourcecode.swift; path = RadioButtonGroup.swift; sourceTree = "<group>"; };
		A0290E2827230AAF00A07224 /* RadioButton.swift */ = {isa = PBXFileReference; lastKnownFileType = sourcecode.swift; path = RadioButton.swift; sourceTree = "<group>"; };
		A0290E2A27230E5800A07224 /* Timber.swift */ = {isa = PBXFileReference; lastKnownFileType = sourcecode.swift; path = Timber.swift; sourceTree = "<group>"; };
		A0290E2E272319DE00A07224 /* StatisticsViewController.swift */ = {isa = PBXFileReference; lastKnownFileType = sourcecode.swift; path = StatisticsViewController.swift; sourceTree = "<group>"; };
		A0859AE4272DBE8100CF936E /* ExchangeListTableView.swift */ = {isa = PBXFileReference; lastKnownFileType = sourcecode.swift; path = ExchangeListTableView.swift; sourceTree = "<group>"; };
		A08D5C1B278026FD00228ECE /* HttpApiConfig.swift */ = {isa = PBXFileReference; lastKnownFileType = sourcecode.swift; path = HttpApiConfig.swift; sourceTree = "<group>"; };
		A08E8E642778E25E0041AC61 /* Registration.swift */ = {isa = PBXFileReference; lastKnownFileType = sourcecode.swift; path = Registration.swift; sourceTree = "<group>"; };
		A0921266277F56B40083BBBF /* KeychainAccess.swift */ = {isa = PBXFileReference; lastKnownFileType = sourcecode.swift; path = KeychainAccess.swift; sourceTree = "<group>"; };
		A092DEAF27738BEC00E98A2B /* PNLView.swift */ = {isa = PBXFileReference; lastKnownFileType = sourcecode.swift; path = PNLView.swift; sourceTree = "<group>"; };
		A092DEB127738BFE00E98A2B /* PNLView.xib */ = {isa = PBXFileReference; lastKnownFileType = file.xib; path = PNLView.xib; sourceTree = "<group>"; };
		A09D70E2272518F700ACE44A /* LinkCardView.swift */ = {isa = PBXFileReference; lastKnownFileType = sourcecode.swift; path = LinkCardView.swift; sourceTree = "<group>"; };
		A09D70E42725194B00ACE44A /* LinkCardView.xib */ = {isa = PBXFileReference; lastKnownFileType = file.xib; path = LinkCardView.xib; sourceTree = "<group>"; };
		A09D70E627251C3500ACE44A /* SettingViewController.swift */ = {isa = PBXFileReference; lastKnownFileType = sourcecode.swift; path = SettingViewController.swift; sourceTree = "<group>"; };
		A0C1FB6C27647EC700C4201A /* HttpResponseTargetType.swift */ = {isa = PBXFileReference; lastKnownFileType = sourcecode.swift; path = HttpResponseTargetType.swift; sourceTree = "<group>"; };
		A0C1FB712764935300C4201A /* ResponseSuccess.swift */ = {isa = PBXFileReference; lastKnownFileType = sourcecode.swift; path = ResponseSuccess.swift; sourceTree = "<group>"; };
		A0C1FB7327649B0F00C4201A /* AuthService.swift */ = {isa = PBXFileReference; lastKnownFileType = sourcecode.swift; path = AuthService.swift; sourceTree = "<group>"; };
		A0C1FB792764B5B900C4201A /* MoyaLoggerPlugin.swift */ = {isa = PBXFileReference; lastKnownFileType = sourcecode.swift; path = MoyaLoggerPlugin.swift; sourceTree = "<group>"; };
		A0C8E555271FF18900848FCB /* BlablaBlock.app */ = {isa = PBXFileReference; explicitFileType = wrapper.application; includeInIndex = 0; path = BlablaBlock.app; sourceTree = BUILT_PRODUCTS_DIR; };
		A0C8E558271FF18900848FCB /* AppDelegate.swift */ = {isa = PBXFileReference; lastKnownFileType = sourcecode.swift; path = AppDelegate.swift; sourceTree = "<group>"; };
		A0C8E55F271FF18900848FCB /* Base */ = {isa = PBXFileReference; lastKnownFileType = file.storyboard; name = Base; path = Base.lproj/Main.storyboard; sourceTree = "<group>"; };
		A0C8E561271FF19000848FCB /* Assets.xcassets */ = {isa = PBXFileReference; lastKnownFileType = folder.assetcatalog; path = Assets.xcassets; sourceTree = "<group>"; };
		A0C8E564271FF19000848FCB /* Base */ = {isa = PBXFileReference; lastKnownFileType = file.storyboard; name = Base; path = Base.lproj/LaunchScreen.storyboard; sourceTree = "<group>"; };
		A0C8E566271FF19000848FCB /* Info.plist */ = {isa = PBXFileReference; lastKnownFileType = text.plist.xml; path = Info.plist; sourceTree = "<group>"; };
		A0C8E56B271FF19000848FCB /* BlablaBlockTests.xctest */ = {isa = PBXFileReference; explicitFileType = wrapper.cfbundle; includeInIndex = 0; path = BlablaBlockTests.xctest; sourceTree = BUILT_PRODUCTS_DIR; };
		A0C8E56F271FF19000848FCB /* BlablaBlockTests.swift */ = {isa = PBXFileReference; lastKnownFileType = sourcecode.swift; path = BlablaBlockTests.swift; sourceTree = "<group>"; };
		A0C8E571271FF19000848FCB /* Info.plist */ = {isa = PBXFileReference; lastKnownFileType = text.plist.xml; path = Info.plist; sourceTree = "<group>"; };
		A0C8E576271FF19000848FCB /* BlablaBlockUITests.xctest */ = {isa = PBXFileReference; explicitFileType = wrapper.cfbundle; includeInIndex = 0; path = BlablaBlockUITests.xctest; sourceTree = BUILT_PRODUCTS_DIR; };
		A0C8E57A271FF19000848FCB /* BlablaBlockUITests.swift */ = {isa = PBXFileReference; lastKnownFileType = sourcecode.swift; path = BlablaBlockUITests.swift; sourceTree = "<group>"; };
		A0C8E57C271FF19000848FCB /* Info.plist */ = {isa = PBXFileReference; lastKnownFileType = text.plist.xml; path = Info.plist; sourceTree = "<group>"; };
		A0C8E58A271FFAEE00848FCB /* SignInViewController.swift */ = {isa = PBXFileReference; lastKnownFileType = sourcecode.swift; path = SignInViewController.swift; sourceTree = "<group>"; };
		A0C8E58D271FFCB400848FCB /* Extensions.swift */ = {isa = PBXFileReference; lastKnownFileType = sourcecode.swift; path = Extensions.swift; sourceTree = "<group>"; };
		A0C8E5912720075A00848FCB /* NormalInputView.xib */ = {isa = PBXFileReference; lastKnownFileType = file.xib; path = NormalInputView.xib; sourceTree = "<group>"; };
		A0C8E593272008BA00848FCB /* NormalInputView.swift */ = {isa = PBXFileReference; lastKnownFileType = sourcecode.swift; path = NormalInputView.swift; sourceTree = "<group>"; };
		A0C8E59527200ED300848FCB /* ColorButton.swift */ = {isa = PBXFileReference; lastKnownFileType = sourcecode.swift; path = ColorButton.swift; sourceTree = "<group>"; };
		A0C8E5972720125800848FCB /* ColorTextButton.swift */ = {isa = PBXFileReference; lastKnownFileType = sourcecode.swift; path = ColorTextButton.swift; sourceTree = "<group>"; };
		A0DAD58E2778441C00CD8760 /* LauncherViewController.swift */ = {isa = PBXFileReference; lastKnownFileType = sourcecode.swift; path = LauncherViewController.swift; sourceTree = "<group>"; };
		A0DAD5B027784BEA00CD8760 /* SceneDelegate.swift */ = {isa = PBXFileReference; fileEncoding = 4; lastKnownFileType = sourcecode.swift; path = SceneDelegate.swift; sourceTree = "<group>"; };
		A0DAD5B22778510100CD8760 /* UserDefaults.swift */ = {isa = PBXFileReference; lastKnownFileType = sourcecode.swift; path = UserDefaults.swift; sourceTree = "<group>"; };
		A0DAD5B7277861D600CD8760 /* MainCoordinator.swift */ = {isa = PBXFileReference; lastKnownFileType = sourcecode.swift; path = MainCoordinator.swift; sourceTree = "<group>"; };
		A0DAD5B9277861FD00CD8760 /* Coordinator.swift */ = {isa = PBXFileReference; lastKnownFileType = sourcecode.swift; path = Coordinator.swift; sourceTree = "<group>"; };
		A0DAD5BB2778627000CD8760 /* Storyboarded.swift */ = {isa = PBXFileReference; lastKnownFileType = sourcecode.swift; path = Storyboarded.swift; sourceTree = "<group>"; };
		A0DAD5BF27787A1800CD8760 /* Exchange.swift */ = {isa = PBXFileReference; lastKnownFileType = sourcecode.swift; path = Exchange.swift; sourceTree = "<group>"; };
		DD43244C5F0653EAD9217690 /* Pods_BlablaBlock_BlablaBlockUITests.framework */ = {isa = PBXFileReference; explicitFileType = wrapper.framework; includeInIndex = 0; path = Pods_BlablaBlock_BlablaBlockUITests.framework; sourceTree = BUILT_PRODUCTS_DIR; };
		E5F2F973E03C0928B571E800 /* Pods-BlablaBlock-BlablaBlockUITests.release.xcconfig */ = {isa = PBXFileReference; includeInIndex = 1; lastKnownFileType = text.xcconfig; name = "Pods-BlablaBlock-BlablaBlockUITests.release.xcconfig"; path = "Target Support Files/Pods-BlablaBlock-BlablaBlockUITests/Pods-BlablaBlock-BlablaBlockUITests.release.xcconfig"; sourceTree = "<group>"; };
		F17D6CA0BC7D3564BF36EDDA /* Pods-BlablaBlock.release.xcconfig */ = {isa = PBXFileReference; includeInIndex = 1; lastKnownFileType = text.xcconfig; name = "Pods-BlablaBlock.release.xcconfig"; path = "Target Support Files/Pods-BlablaBlock/Pods-BlablaBlock.release.xcconfig"; sourceTree = "<group>"; };
/* End PBXFileReference section */

/* Begin PBXFrameworksBuildPhase section */
		A0C8E552271FF18900848FCB /* Frameworks */ = {
			isa = PBXFrameworksBuildPhase;
			buildActionMask = 2147483647;
			files = (
				46C7EC6352C57222C77C9ABA /* Pods_BlablaBlock.framework in Frameworks */,
			);
			runOnlyForDeploymentPostprocessing = 0;
		};
		A0C8E568271FF19000848FCB /* Frameworks */ = {
			isa = PBXFrameworksBuildPhase;
			buildActionMask = 2147483647;
			files = (
				D62D2B9B7FC84A28A2C1F52C /* Pods_BlablaBlockTests.framework in Frameworks */,
			);
			runOnlyForDeploymentPostprocessing = 0;
		};
		A0C8E573271FF19000848FCB /* Frameworks */ = {
			isa = PBXFrameworksBuildPhase;
			buildActionMask = 2147483647;
			files = (
				7C21BD24E9DFC3B795B0358B /* Pods_BlablaBlock_BlablaBlockUITests.framework in Frameworks */,
			);
			runOnlyForDeploymentPostprocessing = 0;
		};
/* End PBXFrameworksBuildPhase section */

/* Begin PBXGroup section */
		28181B34803489D62ECD65C2 /* Frameworks */ = {
			isa = PBXGroup;
			children = (
				9C7DDF02B8A2C7ED2BA6233A /* Pods_BlablaBlock.framework */,
				DD43244C5F0653EAD9217690 /* Pods_BlablaBlock_BlablaBlockUITests.framework */,
				8A4F9FA2216368FC2234CB9B /* Pods_BlablaBlockTests.framework */,
			);
			name = Frameworks;
			sourceTree = "<group>";
		};
		4A4B4DEB2770E0AA00075933 /* ViewPager */ = {
			isa = PBXGroup;
			children = (
				4A4B4DEC2770E0B600075933 /* PagedView.swift */,
				4A4B4DEE2770E10E00075933 /* PagedViewCell.swift */,
			);
			path = ViewPager;
			sourceTree = "<group>";
		};
		4A581C9427CBC53F00276BA9 /* Search */ = {
			isa = PBXGroup;
			children = (
				4A581C9527CBC94C00276BA9 /* SearchUserViewController.swift */,
				4A581C9927CBD25F00276BA9 /* SearchUserCollectionView.swift */,
				4A581C9B27CBD28200276BA9 /* SearchUserCollectionViewCell.swift */,
			);
			path = Search;
			sourceTree = "<group>";
		};
		4A6C9F0D27CD09D4003B42F8 /* Home */ = {
			isa = PBXGroup;
			children = (
				4A6C9F0E27CD09F3003B42F8 /* HomePageViewController.swift */,
				4A6C9F1127CD1209003B42F8 /* HomePageTableView.swift */,
				4A6C9F1327CD1277003B42F8 /* HomePageTableViewCell.swift */,
			);
			path = Home;
			sourceTree = "<group>";
		};
		4A741C0827CB45A500594A5D /* TradeHistory */ = {
			isa = PBXGroup;
			children = (
				4A741C0927CB45D300594A5D /* TradeHistoryViewController.swift */,
				4A741C0B27CB468500594A5D /* TradeHistoryTableView.swift */,
				4A741C0D27CB46B300594A5D /* TradeHistoryTableViewCell.swift */,
			);
			path = TradeHistory;
			sourceTree = "<group>";
		};
		4A7744C0276FA07D0087A447 /* Statistics */ = {
			isa = PBXGroup;
			children = (
				A0290E2E272319DE00A07224 /* StatisticsViewController.swift */,
				A092DEB327738C8600E98A2B /* Portfolio */,
				A092DEAE27738B9300E98A2B /* PNL */,
				4A741C0827CB45A500594A5D /* TradeHistory */,
				4A7A18F927D2F66B00AF24A8 /* FollowList */,
			);
			path = Statistics;
			sourceTree = "<group>";
		};
		4A7744C1276FA0AA0087A447 /* Auth */ = {
			isa = PBXGroup;
			children = (
				A0C8E58A271FFAEE00848FCB /* SignInViewController.swift */,
			);
			path = Auth;
			sourceTree = "<group>";
		};
		4A7744C2276FA0B80087A447 /* Setting */ = {
			isa = PBXGroup;
			children = (
				A09D70E627251C3500ACE44A /* SettingViewController.swift */,
				4A5FE1F727365E0F004AD836 /* LinkExchangeViewController.swift */,
			);
			path = Setting;
			sourceTree = "<group>";
		};
		4A7744C3276FA0C30087A447 /* Main */ = {
			isa = PBXGroup;
			children = (
				4A6C9F0D27CD09D4003B42F8 /* Home */,
				4A581C9427CBC53F00276BA9 /* Search */,
				4A7744C0276FA07D0087A447 /* Statistics */,
				4A7744C2276FA0B80087A447 /* Setting */,
			);
			path = Main;
			sourceTree = "<group>";
		};
		4A7A18F927D2F66B00AF24A8 /* FollowList */ = {
			isa = PBXGroup;
			children = (
				4A7A18FA27D2F68B00AF24A8 /* FollowViewController.swift */,
				4A7A18FF27D2FAF600AF24A8 /* FollowListViewController.swift */,
				4A7A190127D2FB4D00AF24A8 /* FollowListTableView.swift */,
				4A7A190327D2FBAC00AF24A8 /* FollowListTableViewCell.swift */,
			);
			path = FollowList;
			sourceTree = "<group>";
		};
		4A7A18FC27D2FA4D00AF24A8 /* Base */ = {
			isa = PBXGroup;
			children = (
				4AA9F811276DD6A200D775F0 /* BaseViewController.swift */,
				4A7A18FD27D2FA6400AF24A8 /* BaseTabViewController.swift */,
			);
			path = Base;
			sourceTree = "<group>";
		};
		4A7AFE2027393CE8005E0A72 /* ViewModel */ = {
			isa = PBXGroup;
			children = (
				4AA9F813276E473800D775F0 /* BaseViewModel.swift */,
				4ABA209E273BDC5000F66DB9 /* AuthViewModel.swift */,
				4A6C9F1F27CD2EFD003B42F8 /* HomeViewModel.swift */,
				4A7A190927D331D400AF24A8 /* UserViewModel.swift */,
				4A7744C4276FA1B50087A447 /* StatisticsViewModel.swift */,
				4AEE577B27D7B841006D8313 /* UserStatisticsViewModel.swift */,
				4A741C1127CB597500594A5D /* TradeHistoryViewModel.swift */,
				4A7A190527D3098C00AF24A8 /* FollowViewModel.swift */,
				4A7B8AA3276FBEB200756E05 /* ExchangeApiViewModel.swift */,
			);
			path = ViewModel;
			sourceTree = "<group>";
		};
		4ABA20A2273BDDA800F66DB9 /* Extension */ = {
			isa = PBXGroup;
			children = (
				A0C8E58D271FFCB400848FCB /* Extensions.swift */,
				4ABA20A0273BDCB500F66DB9 /* String.swift */,
				4A252CCD273F9737005E4C93 /* View.swift */,
				4A252CCF273F9751005E4C93 /* ViewController.swift */,
			);
			path = Extension;
			sourceTree = "<group>";
		};
		4AFC6578276E7E4300ADEDA7 /* Alert */ = {
			isa = PBXGroup;
			children = (
				4A252CC9273F9209005E4C93 /* AlertBuilder.swift */,
				4AFC6576276E7E3900ADEDA7 /* InputAlertBuilder.swift */,
			);
			path = Alert;
			sourceTree = "<group>";
		};
		A0290E252722F6D900A07224 /* RadioButton */ = {
			isa = PBXGroup;
			children = (
				A0290E262722F6EE00A07224 /* RadioButtonGroup.swift */,
				A0290E2827230AAF00A07224 /* RadioButton.swift */,
			);
			path = RadioButton;
			sourceTree = "<group>";
		};
		A092DEAE27738B9300E98A2B /* PNL */ = {
			isa = PBXGroup;
			children = (
				A092DEAF27738BEC00E98A2B /* PNLView.swift */,
				A092DEB127738BFE00E98A2B /* PNLView.xib */,
			);
			path = PNL;
			sourceTree = "<group>";
		};
		A092DEB327738C8600E98A2B /* Portfolio */ = {
			isa = PBXGroup;
			children = (
				4A4B4DF12770E4B100075933 /* PortfolioView.swift */,
				4A4B4DF32770E4C600075933 /* PortfolioView.xib */,
				A0859AE4272DBE8100CF936E /* ExchangeListTableView.swift */,
				4A4B4DF52770E5E300075933 /* ExchangeListTableViewCell.xib */,
			);
			path = Portfolio;
			sourceTree = "<group>";
		};
		A09D70DF2725180600ACE44A /* ViewController */ = {
			isa = PBXGroup;
			children = (
				A0DAD58E2778441C00CD8760 /* LauncherViewController.swift */,
				4A7744C1276FA0AA0087A447 /* Auth */,
				4A7744C3276FA0C30087A447 /* Main */,
			);
			path = ViewController;
			sourceTree = "<group>";
		};
		A09D70E02725182B00ACE44A /* ColorButton */ = {
			isa = PBXGroup;
			children = (
				A0C8E59527200ED300848FCB /* ColorButton.swift */,
				A0C8E5972720125800848FCB /* ColorTextButton.swift */,
			);
			path = ColorButton;
			sourceTree = "<group>";
		};
		A09D70E1272518AD00ACE44A /* LinkCard */ = {
			isa = PBXGroup;
			children = (
				A09D70E2272518F700ACE44A /* LinkCardView.swift */,
				A09D70E42725194B00ACE44A /* LinkCardView.xib */,
			);
			path = LinkCard;
			sourceTree = "<group>";
		};
		A0C1FB6B27647CB000C4201A /* Network */ = {
			isa = PBXGroup;
			children = (
				A0C1FB772764B57E00C4201A /* MoyaSetup */,
				A0C1FB782764B59F00C4201A /* Service */,
				A0C1FB702764934500C4201A /* Model */,
				A08D5C1B278026FD00228ECE /* HttpApiConfig.swift */,
			);
			path = Network;
			sourceTree = "<group>";
		};
		A0C1FB702764934500C4201A /* Model */ = {
			isa = PBXGroup;
			children = (
				A0C1FB712764935300C4201A /* ResponseSuccess.swift */,
				4A7744B6276F8A350087A447 /* ResponseFailure.swift */,
				A01B78E1277711880061E86A /* Login.swift */,
				A08E8E642778E25E0041AC61 /* Registration.swift */,
				4A7744BC276F96170087A447 /* Portfolio.swift */,
				4A7744BE276F97520087A447 /* PNL.swift */,
				A0DAD5BF27787A1800CD8760 /* Exchange.swift */,
				4A741C0F27CB587300594A5D /* History.swift */,
				4A6C9F1727CD28D8003B42F8 /* Follow.swift */,
				4A6C9F1927CD2A3E003B42F8 /* Notification.swift */,
				4A6C9F1D27CD2C94003B42F8 /* CurrencyIcon.swift */,
				4A7A190D27D332DC00AF24A8 /* User.swift */,
			);
			path = Model;
			sourceTree = "<group>";
		};
		A0C1FB772764B57E00C4201A /* MoyaSetup */ = {
			isa = PBXGroup;
			children = (
				A0C1FB792764B5B900C4201A /* MoyaLoggerPlugin.swift */,
				A0C1FB6C27647EC700C4201A /* HttpResponseTargetType.swift */,
				4A6C9F2127CD39DF003B42F8 /* HttpError.swift */,
			);
			path = MoyaSetup;
			sourceTree = "<group>";
		};
		A0C1FB782764B59F00C4201A /* Service */ = {
			isa = PBXGroup;
			children = (
				A0C1FB7327649B0F00C4201A /* AuthService.swift */,
				4A7A190B27D3329000AF24A8 /* UserService.swift */,
				4A7744BA276F95910087A447 /* StatisticsService.swift */,
				4A6C9F1527CD288C003B42F8 /* FollowService.swift */,
				4A7744B8276F8E3C0087A447 /* ExchangeApiService.swift */,
			);
			path = Service;
			sourceTree = "<group>";
		};
		A0C8E54C271FF18900848FCB = {
			isa = PBXGroup;
			children = (
				A0C8E557271FF18900848FCB /* BlablaBlock */,
				A0C8E56E271FF19000848FCB /* BlablaBlockTests */,
				A0C8E579271FF19000848FCB /* BlablaBlockUITests */,
				A0C8E556271FF18900848FCB /* Products */,
				B573D06EEBEA52577E0C37AA /* Pods */,
				28181B34803489D62ECD65C2 /* Frameworks */,
			);
			sourceTree = "<group>";
		};
		A0C8E556271FF18900848FCB /* Products */ = {
			isa = PBXGroup;
			children = (
				A0C8E555271FF18900848FCB /* BlablaBlock.app */,
				A0C8E56B271FF19000848FCB /* BlablaBlockTests.xctest */,
				A0C8E576271FF19000848FCB /* BlablaBlockUITests.xctest */,
			);
			name = Products;
			sourceTree = "<group>";
		};
		A0C8E557271FF18900848FCB /* BlablaBlock */ = {
			isa = PBXGroup;
			children = (
				4A61598627D4CEDE0085BF4D /* BlablaBlock.entitlements */,
				A0C8E561271FF19000848FCB /* Assets.xcassets */,
				A0290E232722F55B00A07224 /* Colors.xcassets */,
				A0C8E566271FF19000848FCB /* Info.plist */,
				4A7AFE2127393ED4005E0A72 /* GoogleService-Info.plist */,
				A0C8E589271FF1B200848FCB /* Application */,
				A0C8E58C271FFCA200848FCB /* Utility */,
				A0C1FB6B27647CB000C4201A /* Network */,
				4A7AFE2027393CE8005E0A72 /* ViewModel */,
				A0C8E588271FF1A900848FCB /* View */,
			);
			path = BlablaBlock;
			sourceTree = "<group>";
		};
		A0C8E56E271FF19000848FCB /* BlablaBlockTests */ = {
			isa = PBXGroup;
			children = (
				A0C8E56F271FF19000848FCB /* BlablaBlockTests.swift */,
				A0C8E571271FF19000848FCB /* Info.plist */,
			);
			path = BlablaBlockTests;
			sourceTree = "<group>";
		};
		A0C8E579271FF19000848FCB /* BlablaBlockUITests */ = {
			isa = PBXGroup;
			children = (
				A0C8E57A271FF19000848FCB /* BlablaBlockUITests.swift */,
				A0C8E57C271FF19000848FCB /* Info.plist */,
			);
			path = BlablaBlockUITests;
			sourceTree = "<group>";
		};
		A0C8E588271FF1A900848FCB /* View */ = {
			isa = PBXGroup;
			children = (
				A0C8E563271FF19000848FCB /* LaunchScreen.storyboard */,
				A0C8E55E271FF18900848FCB /* Main.storyboard */,
				A0DAD5B6277861B600CD8760 /* Coordinator */,
				A09D70DF2725180600ACE44A /* ViewController */,
				4A7A18FC27D2FA4D00AF24A8 /* Base */,
				A0C8E58F272006BB00848FCB /* Widget */,
			);
			path = View;
			sourceTree = "<group>";
		};
		A0C8E589271FF1B200848FCB /* Application */ = {
			isa = PBXGroup;
			children = (
				A0C8E558271FF18900848FCB /* AppDelegate.swift */,
				A0DAD5B027784BEA00CD8760 /* SceneDelegate.swift */,
				4AA9F80F276DD68B00D775F0 /* Resolver.swift */,
				A0921266277F56B40083BBBF /* KeychainAccess.swift */,
			);
			path = Application;
			sourceTree = "<group>";
		};
		A0C8E58C271FFCA200848FCB /* Utility */ = {
			isa = PBXGroup;
			children = (
				4ABA20A2273BDDA800F66DB9 /* Extension */,
				A0290E2A27230E5800A07224 /* Timber.swift */,
				4A252CCB273F96A4005E4C93 /* Utils.swift */,
				A0DAD5B22778510100CD8760 /* UserDefaults.swift */,
			);
			path = Utility;
			sourceTree = "<group>";
		};
		A0C8E58F272006BB00848FCB /* Widget */ = {
			isa = PBXGroup;
			children = (
				4AFC6578276E7E4300ADEDA7 /* Alert */,
				A09D70E1272518AD00ACE44A /* LinkCard */,
				A09D70E02725182B00ACE44A /* ColorButton */,
				4A4B4DEB2770E0AA00075933 /* ViewPager */,
				A0290E252722F6D900A07224 /* RadioButton */,
				A0C8E590272006C300848FCB /* NormalInputView */,
				4A543A472779CF1700662B12 /* PickerView.swift */,
				4A581C9727CBCFB200276BA9 /* PaddingTextField.swift */,
			);
			path = Widget;
			sourceTree = "<group>";
		};
		A0C8E590272006C300848FCB /* NormalInputView */ = {
			isa = PBXGroup;
			children = (
				A0C8E5912720075A00848FCB /* NormalInputView.xib */,
				A0C8E593272008BA00848FCB /* NormalInputView.swift */,
			);
			path = NormalInputView;
			sourceTree = "<group>";
		};
		A0DAD5B6277861B600CD8760 /* Coordinator */ = {
			isa = PBXGroup;
			children = (
				A0DAD5BB2778627000CD8760 /* Storyboarded.swift */,
				A0DAD5B9277861FD00CD8760 /* Coordinator.swift */,
				A0DAD5B7277861D600CD8760 /* MainCoordinator.swift */,
			);
			path = Coordinator;
			sourceTree = "<group>";
		};
		B573D06EEBEA52577E0C37AA /* Pods */ = {
			isa = PBXGroup;
			children = (
				2383D8BB6CEC99F34E3A3B03 /* Pods-BlablaBlock.debug.xcconfig */,
				F17D6CA0BC7D3564BF36EDDA /* Pods-BlablaBlock.release.xcconfig */,
				1EAA7F54C51D44E108C43650 /* Pods-BlablaBlock-BlablaBlockUITests.debug.xcconfig */,
				E5F2F973E03C0928B571E800 /* Pods-BlablaBlock-BlablaBlockUITests.release.xcconfig */,
				066E1089AFA88F4D12AEB030 /* Pods-BlablaBlockTests.debug.xcconfig */,
				0F285A77444CEAEBD826CA43 /* Pods-BlablaBlockTests.release.xcconfig */,
			);
			path = Pods;
			sourceTree = "<group>";
		};
/* End PBXGroup section */

/* Begin PBXNativeTarget section */
		A0C8E554271FF18900848FCB /* BlablaBlock */ = {
			isa = PBXNativeTarget;
			buildConfigurationList = A0C8E57F271FF19000848FCB /* Build configuration list for PBXNativeTarget "BlablaBlock" */;
			buildPhases = (
				A6A0BC8B9232CA22ECEC87F0 /* [CP] Check Pods Manifest.lock */,
				A0C8E551271FF18900848FCB /* Sources */,
				A0C8E552271FF18900848FCB /* Frameworks */,
				A0C8E553271FF18900848FCB /* Resources */,
				85A4A81A398C4CB5C7B86FC9 /* [CP] Embed Pods Frameworks */,
				4A6CBDEB27E6465700F579A5 /* ShellScript */,
			);
			buildRules = (
			);
			dependencies = (
			);
			name = BlablaBlock;
			productName = BrabraBlock;
			productReference = A0C8E555271FF18900848FCB /* BlablaBlock.app */;
			productType = "com.apple.product-type.application";
		};
		A0C8E56A271FF19000848FCB /* BlablaBlockTests */ = {
			isa = PBXNativeTarget;
			buildConfigurationList = A0C8E582271FF19000848FCB /* Build configuration list for PBXNativeTarget "BlablaBlockTests" */;
			buildPhases = (
				A01BABE4AEBD3FCD6ECC4FBC /* [CP] Check Pods Manifest.lock */,
				A0C8E567271FF19000848FCB /* Sources */,
				A0C8E568271FF19000848FCB /* Frameworks */,
				A0C8E569271FF19000848FCB /* Resources */,
			);
			buildRules = (
			);
			dependencies = (
				A0C8E56D271FF19000848FCB /* PBXTargetDependency */,
			);
			name = BlablaBlockTests;
			productName = BrabraBlockTests;
			productReference = A0C8E56B271FF19000848FCB /* BlablaBlockTests.xctest */;
			productType = "com.apple.product-type.bundle.unit-test";
		};
		A0C8E575271FF19000848FCB /* BlablaBlockUITests */ = {
			isa = PBXNativeTarget;
			buildConfigurationList = A0C8E585271FF19000848FCB /* Build configuration list for PBXNativeTarget "BlablaBlockUITests" */;
			buildPhases = (
				5EE7A06763B534A1CD5DDFE4 /* [CP] Check Pods Manifest.lock */,
				A0C8E572271FF19000848FCB /* Sources */,
				A0C8E573271FF19000848FCB /* Frameworks */,
				A0C8E574271FF19000848FCB /* Resources */,
				4272012A023A4E68E580DC15 /* [CP] Embed Pods Frameworks */,
			);
			buildRules = (
			);
			dependencies = (
				A0C8E578271FF19000848FCB /* PBXTargetDependency */,
			);
			name = BlablaBlockUITests;
			productName = BrabraBlockUITests;
			productReference = A0C8E576271FF19000848FCB /* BlablaBlockUITests.xctest */;
			productType = "com.apple.product-type.bundle.ui-testing";
		};
/* End PBXNativeTarget section */

/* Begin PBXProject section */
		A0C8E54D271FF18900848FCB /* Project object */ = {
			isa = PBXProject;
			attributes = {
				LastSwiftUpdateCheck = 1250;
				LastUpgradeCheck = 1250;
				TargetAttributes = {
					A0C8E554271FF18900848FCB = {
						CreatedOnToolsVersion = 12.5.1;
					};
					A0C8E56A271FF19000848FCB = {
						CreatedOnToolsVersion = 12.5.1;
						TestTargetID = A0C8E554271FF18900848FCB;
					};
					A0C8E575271FF19000848FCB = {
						CreatedOnToolsVersion = 12.5.1;
						TestTargetID = A0C8E554271FF18900848FCB;
					};
				};
			};
			buildConfigurationList = A0C8E550271FF18900848FCB /* Build configuration list for PBXProject "BlablaBlock" */;
			compatibilityVersion = "Xcode 9.3";
			developmentRegion = en;
			hasScannedForEncodings = 0;
			knownRegions = (
				en,
				Base,
			);
			mainGroup = A0C8E54C271FF18900848FCB;
			productRefGroup = A0C8E556271FF18900848FCB /* Products */;
			projectDirPath = "";
			projectRoot = "";
			targets = (
				A0C8E554271FF18900848FCB /* BlablaBlock */,
				A0C8E56A271FF19000848FCB /* BlablaBlockTests */,
				A0C8E575271FF19000848FCB /* BlablaBlockUITests */,
			);
		};
/* End PBXProject section */

/* Begin PBXResourcesBuildPhase section */
		A0C8E553271FF18900848FCB /* Resources */ = {
			isa = PBXResourcesBuildPhase;
			buildActionMask = 2147483647;
			files = (
				A0290E242722F55B00A07224 /* Colors.xcassets in Resources */,
				A0C8E5922720075A00848FCB /* NormalInputView.xib in Resources */,
				A0C8E565271FF19000848FCB /* LaunchScreen.storyboard in Resources */,
				A09D70E52725194B00ACE44A /* LinkCardView.xib in Resources */,
				4A4B4DF42770E4C600075933 /* PortfolioView.xib in Resources */,
				A0C8E562271FF19000848FCB /* Assets.xcassets in Resources */,
				A0C8E560271FF18900848FCB /* Main.storyboard in Resources */,
				A092DEB227738BFE00E98A2B /* PNLView.xib in Resources */,
				4A4B4DF62770E5E300075933 /* ExchangeListTableViewCell.xib in Resources */,
				4A7AFE2227393ED4005E0A72 /* GoogleService-Info.plist in Resources */,
			);
			runOnlyForDeploymentPostprocessing = 0;
		};
		A0C8E569271FF19000848FCB /* Resources */ = {
			isa = PBXResourcesBuildPhase;
			buildActionMask = 2147483647;
			files = (
			);
			runOnlyForDeploymentPostprocessing = 0;
		};
		A0C8E574271FF19000848FCB /* Resources */ = {
			isa = PBXResourcesBuildPhase;
			buildActionMask = 2147483647;
			files = (
			);
			runOnlyForDeploymentPostprocessing = 0;
		};
/* End PBXResourcesBuildPhase section */

/* Begin PBXShellScriptBuildPhase section */
		4272012A023A4E68E580DC15 /* [CP] Embed Pods Frameworks */ = {
			isa = PBXShellScriptBuildPhase;
			buildActionMask = 2147483647;
			files = (
			);
			inputFileListPaths = (
				"${PODS_ROOT}/Target Support Files/Pods-BlablaBlock-BlablaBlockUITests/Pods-BlablaBlock-BlablaBlockUITests-frameworks-${CONFIGURATION}-input-files.xcfilelist",
			);
			name = "[CP] Embed Pods Frameworks";
			outputFileListPaths = (
				"${PODS_ROOT}/Target Support Files/Pods-BlablaBlock-BlablaBlockUITests/Pods-BlablaBlock-BlablaBlockUITests-frameworks-${CONFIGURATION}-output-files.xcfilelist",
			);
			runOnlyForDeploymentPostprocessing = 0;
			shellPath = /bin/sh;
			shellScript = "\"${PODS_ROOT}/Target Support Files/Pods-BlablaBlock-BlablaBlockUITests/Pods-BlablaBlock-BlablaBlockUITests-frameworks.sh\"\n";
			showEnvVarsInLog = 0;
		};
		4A6CBDEB27E6465700F579A5 /* ShellScript */ = {
			isa = PBXShellScriptBuildPhase;
			buildActionMask = 2147483647;
			files = (
			);
			inputFileListPaths = (
			);
			inputPaths = (
				"${DWARF_DSYM_FOLDER_PATH}/${DWARF_DSYM_FILE_NAME}/Contents/Resources/DWARF/${TARGET_NAME}",
				"$(SRCROOT)/$(BUILT_PRODUCTS_DIR)/$(INFOPLIST_PATH)",
			);
			outputFileListPaths = (
			);
			outputPaths = (
			);
			runOnlyForDeploymentPostprocessing = 0;
			shellPath = /bin/sh;
			shellScript = "# Type a script or drag a script file from your workspace to insert its path.\n\"${PODS_ROOT}/FirebaseCrashlytics/run\"\n";
		};
		5EE7A06763B534A1CD5DDFE4 /* [CP] Check Pods Manifest.lock */ = {
			isa = PBXShellScriptBuildPhase;
			buildActionMask = 2147483647;
			files = (
			);
			inputFileListPaths = (
			);
			inputPaths = (
				"${PODS_PODFILE_DIR_PATH}/Podfile.lock",
				"${PODS_ROOT}/Manifest.lock",
			);
			name = "[CP] Check Pods Manifest.lock";
			outputFileListPaths = (
			);
			outputPaths = (
				"$(DERIVED_FILE_DIR)/Pods-BlablaBlock-BlablaBlockUITests-checkManifestLockResult.txt",
			);
			runOnlyForDeploymentPostprocessing = 0;
			shellPath = /bin/sh;
			shellScript = "diff \"${PODS_PODFILE_DIR_PATH}/Podfile.lock\" \"${PODS_ROOT}/Manifest.lock\" > /dev/null\nif [ $? != 0 ] ; then\n    # print error to STDERR\n    echo \"error: The sandbox is not in sync with the Podfile.lock. Run 'pod install' or update your CocoaPods installation.\" >&2\n    exit 1\nfi\n# This output is used by Xcode 'outputs' to avoid re-running this script phase.\necho \"SUCCESS\" > \"${SCRIPT_OUTPUT_FILE_0}\"\n";
			showEnvVarsInLog = 0;
		};
		85A4A81A398C4CB5C7B86FC9 /* [CP] Embed Pods Frameworks */ = {
			isa = PBXShellScriptBuildPhase;
			buildActionMask = 2147483647;
			files = (
			);
			inputFileListPaths = (
				"${PODS_ROOT}/Target Support Files/Pods-BlablaBlock/Pods-BlablaBlock-frameworks-${CONFIGURATION}-input-files.xcfilelist",
			);
			name = "[CP] Embed Pods Frameworks";
			outputFileListPaths = (
				"${PODS_ROOT}/Target Support Files/Pods-BlablaBlock/Pods-BlablaBlock-frameworks-${CONFIGURATION}-output-files.xcfilelist",
			);
			runOnlyForDeploymentPostprocessing = 0;
			shellPath = /bin/sh;
			shellScript = "\"${PODS_ROOT}/Target Support Files/Pods-BlablaBlock/Pods-BlablaBlock-frameworks.sh\"\n";
			showEnvVarsInLog = 0;
		};
		A01BABE4AEBD3FCD6ECC4FBC /* [CP] Check Pods Manifest.lock */ = {
			isa = PBXShellScriptBuildPhase;
			buildActionMask = 2147483647;
			files = (
			);
			inputFileListPaths = (
			);
			inputPaths = (
				"${PODS_PODFILE_DIR_PATH}/Podfile.lock",
				"${PODS_ROOT}/Manifest.lock",
			);
			name = "[CP] Check Pods Manifest.lock";
			outputFileListPaths = (
			);
			outputPaths = (
				"$(DERIVED_FILE_DIR)/Pods-BlablaBlockTests-checkManifestLockResult.txt",
			);
			runOnlyForDeploymentPostprocessing = 0;
			shellPath = /bin/sh;
			shellScript = "diff \"${PODS_PODFILE_DIR_PATH}/Podfile.lock\" \"${PODS_ROOT}/Manifest.lock\" > /dev/null\nif [ $? != 0 ] ; then\n    # print error to STDERR\n    echo \"error: The sandbox is not in sync with the Podfile.lock. Run 'pod install' or update your CocoaPods installation.\" >&2\n    exit 1\nfi\n# This output is used by Xcode 'outputs' to avoid re-running this script phase.\necho \"SUCCESS\" > \"${SCRIPT_OUTPUT_FILE_0}\"\n";
			showEnvVarsInLog = 0;
		};
		A6A0BC8B9232CA22ECEC87F0 /* [CP] Check Pods Manifest.lock */ = {
			isa = PBXShellScriptBuildPhase;
			buildActionMask = 2147483647;
			files = (
			);
			inputFileListPaths = (
			);
			inputPaths = (
				"${PODS_PODFILE_DIR_PATH}/Podfile.lock",
				"${PODS_ROOT}/Manifest.lock",
			);
			name = "[CP] Check Pods Manifest.lock";
			outputFileListPaths = (
			);
			outputPaths = (
				"$(DERIVED_FILE_DIR)/Pods-BlablaBlock-checkManifestLockResult.txt",
			);
			runOnlyForDeploymentPostprocessing = 0;
			shellPath = /bin/sh;
			shellScript = "diff \"${PODS_PODFILE_DIR_PATH}/Podfile.lock\" \"${PODS_ROOT}/Manifest.lock\" > /dev/null\nif [ $? != 0 ] ; then\n    # print error to STDERR\n    echo \"error: The sandbox is not in sync with the Podfile.lock. Run 'pod install' or update your CocoaPods installation.\" >&2\n    exit 1\nfi\n# This output is used by Xcode 'outputs' to avoid re-running this script phase.\necho \"SUCCESS\" > \"${SCRIPT_OUTPUT_FILE_0}\"\n";
			showEnvVarsInLog = 0;
		};
/* End PBXShellScriptBuildPhase section */

/* Begin PBXSourcesBuildPhase section */
		A0C8E551271FF18900848FCB /* Sources */ = {
			isa = PBXSourcesBuildPhase;
			buildActionMask = 2147483647;
			files = (
				4A7A190227D2FB4D00AF24A8 /* FollowListTableView.swift in Sources */,
				A0C8E594272008BA00848FCB /* NormalInputView.swift in Sources */,
				4A6C9F1427CD1277003B42F8 /* HomePageTableViewCell.swift in Sources */,
				A0DAD5C027787A1800CD8760 /* Exchange.swift in Sources */,
				A0DAD5B32778510100CD8760 /* UserDefaults.swift in Sources */,
				A0C1FB722764935300C4201A /* ResponseSuccess.swift in Sources */,
				A0C1FB7A2764B5B900C4201A /* MoyaLoggerPlugin.swift in Sources */,
				A0C8E5982720125800848FCB /* ColorTextButton.swift in Sources */,
				4A6C9F0F27CD09F3003B42F8 /* HomePageViewController.swift in Sources */,
				4A6C9F1A27CD2A3E003B42F8 /* Notification.swift in Sources */,
				4A7744BF276F97520087A447 /* PNL.swift in Sources */,
				A01B78E2277711880061E86A /* Login.swift in Sources */,
				4A7A190A27D331D400AF24A8 /* UserViewModel.swift in Sources */,
				A0290E2F272319DE00A07224 /* StatisticsViewController.swift in Sources */,
				4A6C9F1827CD28D8003B42F8 /* Follow.swift in Sources */,
				4AFC6577276E7E3900ADEDA7 /* InputAlertBuilder.swift in Sources */,
				4A7A190027D2FAF600AF24A8 /* FollowListViewController.swift in Sources */,
				4A7744C5276FA1B50087A447 /* StatisticsViewModel.swift in Sources */,
				4AA9F814276E473800D775F0 /* BaseViewModel.swift in Sources */,
				4A741C0A27CB45D300594A5D /* TradeHistoryViewController.swift in Sources */,
				4A7A190427D2FBAC00AF24A8 /* FollowListTableViewCell.swift in Sources */,
				A0C8E58E271FFCB400848FCB /* Extensions.swift in Sources */,
				4A7A18FB27D2F68B00AF24A8 /* FollowViewController.swift in Sources */,
				4A741C1027CB587300594A5D /* History.swift in Sources */,
				4AEE577C27D7B841006D8313 /* UserStatisticsViewModel.swift in Sources */,
				4A7744BD276F96170087A447 /* Portfolio.swift in Sources */,
				4A741C1227CB597500594A5D /* TradeHistoryViewModel.swift in Sources */,
				A0859AE5272DBE8100CF936E /* ExchangeListTableView.swift in Sources */,
				4A6C9F2227CD39DF003B42F8 /* HttpError.swift in Sources */,
				4ABA209F273BDC5000F66DB9 /* AuthViewModel.swift in Sources */,
				A092DEB027738BEC00E98A2B /* PNLView.swift in Sources */,
				4A252CCE273F9737005E4C93 /* View.swift in Sources */,
				4A4B4DED2770E0B600075933 /* PagedView.swift in Sources */,
				4A7A190C27D3329000AF24A8 /* UserService.swift in Sources */,
				4A7B8AA4276FBEB200756E05 /* ExchangeApiViewModel.swift in Sources */,
				4A4B4DF22770E4B100075933 /* PortfolioView.swift in Sources */,
				4A6C9F2027CD2EFD003B42F8 /* HomeViewModel.swift in Sources */,
				4A7744B9276F8E3C0087A447 /* ExchangeApiService.swift in Sources */,
				4A7A190627D3098C00AF24A8 /* FollowViewModel.swift in Sources */,
				4A581C9827CBCFB200276BA9 /* PaddingTextField.swift in Sources */,
				4A4B4DEF2770E10E00075933 /* PagedViewCell.swift in Sources */,
				A0921267277F56B40083BBBF /* KeychainAccess.swift in Sources */,
				4A7A190E27D332DC00AF24A8 /* User.swift in Sources */,
				A0DAD58F2778441C00CD8760 /* LauncherViewController.swift in Sources */,
				4A581C9627CBC94C00276BA9 /* SearchUserViewController.swift in Sources */,
				A0DAD5BC2778627000CD8760 /* Storyboarded.swift in Sources */,
				4AA9F810276DD68B00D775F0 /* Resolver.swift in Sources */,
				4A7A18FE27D2FA6400AF24A8 /* BaseTabViewController.swift in Sources */,
				A0290E272722F6EE00A07224 /* RadioButtonGroup.swift in Sources */,
				A0290E2B27230E5800A07224 /* Timber.swift in Sources */,
				4A741C0C27CB468500594A5D /* TradeHistoryTableView.swift in Sources */,
				4ABA20A1273BDCB500F66DB9 /* String.swift in Sources */,
				4AA9F812276DD6A200D775F0 /* BaseViewController.swift in Sources */,
				4A7744B7276F8A350087A447 /* ResponseFailure.swift in Sources */,
				4A6C9F1227CD1209003B42F8 /* HomePageTableView.swift in Sources */,
				4A252CD0273F9751005E4C93 /* ViewController.swift in Sources */,
				A0DAD5B127784BEA00CD8760 /* SceneDelegate.swift in Sources */,
				4A6C9F1E27CD2C94003B42F8 /* CurrencyIcon.swift in Sources */,
				A0C8E58B271FFAEE00848FCB /* SignInViewController.swift in Sources */,
				A0C8E59627200ED300848FCB /* ColorButton.swift in Sources */,
				4A252CCC273F96A4005E4C93 /* Utils.swift in Sources */,
				4A7744BB276F95910087A447 /* StatisticsService.swift in Sources */,
				A09D70E3272518F700ACE44A /* LinkCardView.swift in Sources */,
				4A741C0E27CB46B300594A5D /* TradeHistoryTableViewCell.swift in Sources */,
				4A252CCA273F9209005E4C93 /* AlertBuilder.swift in Sources */,
				4A6C9F1627CD288C003B42F8 /* FollowService.swift in Sources */,
				4A581C9A27CBD25F00276BA9 /* SearchUserCollectionView.swift in Sources */,
				4A5FE1F827365E0F004AD836 /* LinkExchangeViewController.swift in Sources */,
				A08E8E652778E25E0041AC61 /* Registration.swift in Sources */,
				A0C8E559271FF18900848FCB /* AppDelegate.swift in Sources */,
				A0DAD5BA277861FD00CD8760 /* Coordinator.swift in Sources */,
				A0C1FB6D27647EC700C4201A /* HttpResponseTargetType.swift in Sources */,
				A0C1FB7427649B0F00C4201A /* AuthService.swift in Sources */,
				A0290E2927230AAF00A07224 /* RadioButton.swift in Sources */,
				A0DAD5B8277861D600CD8760 /* MainCoordinator.swift in Sources */,
				4A543A482779CF1700662B12 /* PickerView.swift in Sources */,
				4A581C9C27CBD28200276BA9 /* SearchUserCollectionViewCell.swift in Sources */,
				A09D70E727251C3500ACE44A /* SettingViewController.swift in Sources */,
				A08D5C1C278026FD00228ECE /* HttpApiConfig.swift in Sources */,
			);
			runOnlyForDeploymentPostprocessing = 0;
		};
		A0C8E567271FF19000848FCB /* Sources */ = {
			isa = PBXSourcesBuildPhase;
			buildActionMask = 2147483647;
			files = (
				A0C8E570271FF19000848FCB /* BlablaBlockTests.swift in Sources */,
			);
			runOnlyForDeploymentPostprocessing = 0;
		};
		A0C8E572271FF19000848FCB /* Sources */ = {
			isa = PBXSourcesBuildPhase;
			buildActionMask = 2147483647;
			files = (
				A0C8E57B271FF19000848FCB /* BlablaBlockUITests.swift in Sources */,
			);
			runOnlyForDeploymentPostprocessing = 0;
		};
/* End PBXSourcesBuildPhase section */

/* Begin PBXTargetDependency section */
		A0C8E56D271FF19000848FCB /* PBXTargetDependency */ = {
			isa = PBXTargetDependency;
			target = A0C8E554271FF18900848FCB /* BlablaBlock */;
			targetProxy = A0C8E56C271FF19000848FCB /* PBXContainerItemProxy */;
		};
		A0C8E578271FF19000848FCB /* PBXTargetDependency */ = {
			isa = PBXTargetDependency;
			target = A0C8E554271FF18900848FCB /* BlablaBlock */;
			targetProxy = A0C8E577271FF19000848FCB /* PBXContainerItemProxy */;
		};
/* End PBXTargetDependency section */

/* Begin PBXVariantGroup section */
		A0C8E55E271FF18900848FCB /* Main.storyboard */ = {
			isa = PBXVariantGroup;
			children = (
				A0C8E55F271FF18900848FCB /* Base */,
			);
			name = Main.storyboard;
			sourceTree = "<group>";
		};
		A0C8E563271FF19000848FCB /* LaunchScreen.storyboard */ = {
			isa = PBXVariantGroup;
			children = (
				A0C8E564271FF19000848FCB /* Base */,
			);
			name = LaunchScreen.storyboard;
			sourceTree = "<group>";
		};
/* End PBXVariantGroup section */

/* Begin XCBuildConfiguration section */
		A0C8E57D271FF19000848FCB /* Debug */ = {
			isa = XCBuildConfiguration;
			buildSettings = {
				ALWAYS_SEARCH_USER_PATHS = NO;
				CLANG_ANALYZER_NONNULL = YES;
				CLANG_ANALYZER_NUMBER_OBJECT_CONVERSION = YES_AGGRESSIVE;
				CLANG_CXX_LANGUAGE_STANDARD = "gnu++14";
				CLANG_CXX_LIBRARY = "libc++";
				CLANG_ENABLE_MODULES = YES;
				CLANG_ENABLE_OBJC_ARC = YES;
				CLANG_ENABLE_OBJC_WEAK = YES;
				CLANG_WARN_BLOCK_CAPTURE_AUTORELEASING = YES;
				CLANG_WARN_BOOL_CONVERSION = YES;
				CLANG_WARN_COMMA = YES;
				CLANG_WARN_CONSTANT_CONVERSION = YES;
				CLANG_WARN_DEPRECATED_OBJC_IMPLEMENTATIONS = YES;
				CLANG_WARN_DIRECT_OBJC_ISA_USAGE = YES_ERROR;
				CLANG_WARN_DOCUMENTATION_COMMENTS = YES;
				CLANG_WARN_EMPTY_BODY = YES;
				CLANG_WARN_ENUM_CONVERSION = YES;
				CLANG_WARN_INFINITE_RECURSION = YES;
				CLANG_WARN_INT_CONVERSION = YES;
				CLANG_WARN_NON_LITERAL_NULL_CONVERSION = YES;
				CLANG_WARN_OBJC_IMPLICIT_RETAIN_SELF = YES;
				CLANG_WARN_OBJC_LITERAL_CONVERSION = YES;
				CLANG_WARN_OBJC_ROOT_CLASS = YES_ERROR;
				CLANG_WARN_QUOTED_INCLUDE_IN_FRAMEWORK_HEADER = YES;
				CLANG_WARN_RANGE_LOOP_ANALYSIS = YES;
				CLANG_WARN_STRICT_PROTOTYPES = YES;
				CLANG_WARN_SUSPICIOUS_MOVE = YES;
				CLANG_WARN_UNGUARDED_AVAILABILITY = YES_AGGRESSIVE;
				CLANG_WARN_UNREACHABLE_CODE = YES;
				CLANG_WARN__DUPLICATE_METHOD_MATCH = YES;
				COPY_PHASE_STRIP = NO;
				DEBUG_INFORMATION_FORMAT = dwarf;
				ENABLE_STRICT_OBJC_MSGSEND = YES;
				ENABLE_TESTABILITY = YES;
				GCC_C_LANGUAGE_STANDARD = gnu11;
				GCC_DYNAMIC_NO_PIC = NO;
				GCC_NO_COMMON_BLOCKS = YES;
				GCC_OPTIMIZATION_LEVEL = 0;
				GCC_PREPROCESSOR_DEFINITIONS = (
					"DEBUG=1",
					"$(inherited)",
				);
				GCC_WARN_64_TO_32_BIT_CONVERSION = YES;
				GCC_WARN_ABOUT_RETURN_TYPE = YES_ERROR;
				GCC_WARN_UNDECLARED_SELECTOR = YES;
				GCC_WARN_UNINITIALIZED_AUTOS = YES_AGGRESSIVE;
				GCC_WARN_UNUSED_FUNCTION = YES;
				GCC_WARN_UNUSED_VARIABLE = YES;
				IPHONEOS_DEPLOYMENT_TARGET = 11.0;
				MTL_ENABLE_DEBUG_INFO = INCLUDE_SOURCE;
				MTL_FAST_MATH = YES;
				ONLY_ACTIVE_ARCH = YES;
				SDKROOT = iphoneos;
				SWIFT_ACTIVE_COMPILATION_CONDITIONS = DEBUG;
				SWIFT_OPTIMIZATION_LEVEL = "-Onone";
			};
			name = Debug;
		};
		A0C8E57E271FF19000848FCB /* Release */ = {
			isa = XCBuildConfiguration;
			buildSettings = {
				ALWAYS_SEARCH_USER_PATHS = NO;
				CLANG_ANALYZER_NONNULL = YES;
				CLANG_ANALYZER_NUMBER_OBJECT_CONVERSION = YES_AGGRESSIVE;
				CLANG_CXX_LANGUAGE_STANDARD = "gnu++14";
				CLANG_CXX_LIBRARY = "libc++";
				CLANG_ENABLE_MODULES = YES;
				CLANG_ENABLE_OBJC_ARC = YES;
				CLANG_ENABLE_OBJC_WEAK = YES;
				CLANG_WARN_BLOCK_CAPTURE_AUTORELEASING = YES;
				CLANG_WARN_BOOL_CONVERSION = YES;
				CLANG_WARN_COMMA = YES;
				CLANG_WARN_CONSTANT_CONVERSION = YES;
				CLANG_WARN_DEPRECATED_OBJC_IMPLEMENTATIONS = YES;
				CLANG_WARN_DIRECT_OBJC_ISA_USAGE = YES_ERROR;
				CLANG_WARN_DOCUMENTATION_COMMENTS = YES;
				CLANG_WARN_EMPTY_BODY = YES;
				CLANG_WARN_ENUM_CONVERSION = YES;
				CLANG_WARN_INFINITE_RECURSION = YES;
				CLANG_WARN_INT_CONVERSION = YES;
				CLANG_WARN_NON_LITERAL_NULL_CONVERSION = YES;
				CLANG_WARN_OBJC_IMPLICIT_RETAIN_SELF = YES;
				CLANG_WARN_OBJC_LITERAL_CONVERSION = YES;
				CLANG_WARN_OBJC_ROOT_CLASS = YES_ERROR;
				CLANG_WARN_QUOTED_INCLUDE_IN_FRAMEWORK_HEADER = YES;
				CLANG_WARN_RANGE_LOOP_ANALYSIS = YES;
				CLANG_WARN_STRICT_PROTOTYPES = YES;
				CLANG_WARN_SUSPICIOUS_MOVE = YES;
				CLANG_WARN_UNGUARDED_AVAILABILITY = YES_AGGRESSIVE;
				CLANG_WARN_UNREACHABLE_CODE = YES;
				CLANG_WARN__DUPLICATE_METHOD_MATCH = YES;
				COPY_PHASE_STRIP = NO;
				DEBUG_INFORMATION_FORMAT = "dwarf-with-dsym";
				ENABLE_NS_ASSERTIONS = NO;
				ENABLE_STRICT_OBJC_MSGSEND = YES;
				GCC_C_LANGUAGE_STANDARD = gnu11;
				GCC_NO_COMMON_BLOCKS = YES;
				GCC_WARN_64_TO_32_BIT_CONVERSION = YES;
				GCC_WARN_ABOUT_RETURN_TYPE = YES_ERROR;
				GCC_WARN_UNDECLARED_SELECTOR = YES;
				GCC_WARN_UNINITIALIZED_AUTOS = YES_AGGRESSIVE;
				GCC_WARN_UNUSED_FUNCTION = YES;
				GCC_WARN_UNUSED_VARIABLE = YES;
				IPHONEOS_DEPLOYMENT_TARGET = 11.0;
				MTL_ENABLE_DEBUG_INFO = NO;
				MTL_FAST_MATH = YES;
				SDKROOT = iphoneos;
				SWIFT_COMPILATION_MODE = wholemodule;
				SWIFT_OPTIMIZATION_LEVEL = "-O";
				VALIDATE_PRODUCT = YES;
			};
			name = Release;
		};
		A0C8E580271FF19000848FCB /* Debug */ = {
			isa = XCBuildConfiguration;
			baseConfigurationReference = 2383D8BB6CEC99F34E3A3B03 /* Pods-BlablaBlock.debug.xcconfig */;
			buildSettings = {
				ALWAYS_EMBED_SWIFT_STANDARD_LIBRARIES = "$(inherited)";
				ASSETCATALOG_COMPILER_APPICON_NAME = AppIcon;
				ASSETCATALOG_COMPILER_GLOBAL_ACCENT_COLOR_NAME = AccentColor;
				CODE_SIGN_ENTITLEMENTS = BlablaBlock/BlablaBlock.entitlements;
				CODE_SIGN_STYLE = Automatic;
				CURRENT_PROJECT_VERSION = 14;
				DEBUG_INFORMATION_FORMAT = "dwarf-with-dsym";
				DEVELOPMENT_TEAM = QRN2TFCH8G;
				INFOPLIST_FILE = BlablaBlock/Info.plist;
				IPHONEOS_DEPLOYMENT_TARGET = 11.0;
				LD_RUNPATH_SEARCH_PATHS = (
					"$(inherited)",
					"@executable_path/Frameworks",
				);
				MARKETING_VERSION = 1.0;
				PRODUCT_BUNDLE_IDENTIFIER = com.wuchi.blablablock;
				PRODUCT_NAME = "$(TARGET_NAME)";
				SWIFT_VERSION = 5.0;
				TARGETED_DEVICE_FAMILY = 1;
			};
			name = Debug;
		};
		A0C8E581271FF19000848FCB /* Release */ = {
			isa = XCBuildConfiguration;
			baseConfigurationReference = F17D6CA0BC7D3564BF36EDDA /* Pods-BlablaBlock.release.xcconfig */;
			buildSettings = {
				ALWAYS_EMBED_SWIFT_STANDARD_LIBRARIES = "$(inherited)";
				ASSETCATALOG_COMPILER_APPICON_NAME = AppIcon;
				ASSETCATALOG_COMPILER_GLOBAL_ACCENT_COLOR_NAME = AccentColor;
				CODE_SIGN_ENTITLEMENTS = BlablaBlock/BlablaBlock.entitlements;
				CODE_SIGN_STYLE = Automatic;
				CURRENT_PROJECT_VERSION = 14;
				DEVELOPMENT_TEAM = QRN2TFCH8G;
				INFOPLIST_FILE = BlablaBlock/Info.plist;
				IPHONEOS_DEPLOYMENT_TARGET = 11.0;
				LD_RUNPATH_SEARCH_PATHS = (
					"$(inherited)",
					"@executable_path/Frameworks",
				);
				MARKETING_VERSION = 1.0;
				PRODUCT_BUNDLE_IDENTIFIER = com.wuchi.blablablock;
				PRODUCT_NAME = "$(TARGET_NAME)";
				SWIFT_VERSION = 5.0;
				TARGETED_DEVICE_FAMILY = 1;
			};
			name = Release;
		};
		A0C8E583271FF19000848FCB /* Debug */ = {
			isa = XCBuildConfiguration;
			baseConfigurationReference = 066E1089AFA88F4D12AEB030 /* Pods-BlablaBlockTests.debug.xcconfig */;
			buildSettings = {
				ALWAYS_EMBED_SWIFT_STANDARD_LIBRARIES = "$(inherited)";
				BUNDLE_LOADER = "$(TEST_HOST)";
				CODE_SIGN_STYLE = Automatic;
				DEVELOPMENT_TEAM = D995T28HR4;
				INFOPLIST_FILE = BlablaBlockTests/Info.plist;
				IPHONEOS_DEPLOYMENT_TARGET = 14.5;
				LD_RUNPATH_SEARCH_PATHS = (
					"$(inherited)",
					"@executable_path/Frameworks",
					"@loader_path/Frameworks",
				);
				PRODUCT_BUNDLE_IDENTIFIER = com.wuji.app.blablablock.BlablaBlockTests;
				PRODUCT_NAME = "$(TARGET_NAME)";
				SWIFT_VERSION = 5.0;
				TARGETED_DEVICE_FAMILY = "1,2";
				TEST_HOST = "$(BUILT_PRODUCTS_DIR)/BlablaBlock.app/BlablaBlock";
			};
			name = Debug;
		};
		A0C8E584271FF19000848FCB /* Release */ = {
			isa = XCBuildConfiguration;
			baseConfigurationReference = 0F285A77444CEAEBD826CA43 /* Pods-BlablaBlockTests.release.xcconfig */;
			buildSettings = {
				ALWAYS_EMBED_SWIFT_STANDARD_LIBRARIES = "$(inherited)";
				BUNDLE_LOADER = "$(TEST_HOST)";
				CODE_SIGN_STYLE = Automatic;
				DEVELOPMENT_TEAM = D995T28HR4;
				INFOPLIST_FILE = BlablaBlockTests/Info.plist;
				IPHONEOS_DEPLOYMENT_TARGET = 14.5;
				LD_RUNPATH_SEARCH_PATHS = (
					"$(inherited)",
					"@executable_path/Frameworks",
					"@loader_path/Frameworks",
				);
				PRODUCT_BUNDLE_IDENTIFIER = com.wuji.app.blablablock.BlablaBlockTests;
				PRODUCT_NAME = "$(TARGET_NAME)";
				SWIFT_VERSION = 5.0;
				TARGETED_DEVICE_FAMILY = "1,2";
				TEST_HOST = "$(BUILT_PRODUCTS_DIR)/BlablaBlock.app/BlablaBlock";
			};
			name = Release;
		};
		A0C8E586271FF19000848FCB /* Debug */ = {
			isa = XCBuildConfiguration;
			baseConfigurationReference = 1EAA7F54C51D44E108C43650 /* Pods-BlablaBlock-BlablaBlockUITests.debug.xcconfig */;
			buildSettings = {
				ALWAYS_EMBED_SWIFT_STANDARD_LIBRARIES = "$(inherited)";
				CODE_SIGN_STYLE = Automatic;
				DEVELOPMENT_TEAM = D995T28HR4;
				INFOPLIST_FILE = BlablaBlockUITests/Info.plist;
				LD_RUNPATH_SEARCH_PATHS = (
					"$(inherited)",
					"@executable_path/Frameworks",
					"@loader_path/Frameworks",
				);
				PRODUCT_BUNDLE_IDENTIFIER = com.wuji.app.blablablock.BlablaBlockUITests;
				PRODUCT_NAME = "$(TARGET_NAME)";
				SWIFT_VERSION = 5.0;
				TARGETED_DEVICE_FAMILY = "1,2";
				TEST_TARGET_NAME = BlablaBlock;
			};
			name = Debug;
		};
		A0C8E587271FF19000848FCB /* Release */ = {
			isa = XCBuildConfiguration;
			baseConfigurationReference = E5F2F973E03C0928B571E800 /* Pods-BlablaBlock-BlablaBlockUITests.release.xcconfig */;
			buildSettings = {
				ALWAYS_EMBED_SWIFT_STANDARD_LIBRARIES = "$(inherited)";
				CODE_SIGN_STYLE = Automatic;
				DEVELOPMENT_TEAM = D995T28HR4;
				INFOPLIST_FILE = BlablaBlockUITests/Info.plist;
				LD_RUNPATH_SEARCH_PATHS = (
					"$(inherited)",
					"@executable_path/Frameworks",
					"@loader_path/Frameworks",
				);
				PRODUCT_BUNDLE_IDENTIFIER = com.wuji.app.blablablock.BlablaBlockUITests;
				PRODUCT_NAME = "$(TARGET_NAME)";
				SWIFT_VERSION = 5.0;
				TARGETED_DEVICE_FAMILY = "1,2";
				TEST_TARGET_NAME = BlablaBlock;
			};
			name = Release;
		};
/* End XCBuildConfiguration section */

/* Begin XCConfigurationList section */
		A0C8E550271FF18900848FCB /* Build configuration list for PBXProject "BlablaBlock" */ = {
			isa = XCConfigurationList;
			buildConfigurations = (
				A0C8E57D271FF19000848FCB /* Debug */,
				A0C8E57E271FF19000848FCB /* Release */,
			);
			defaultConfigurationIsVisible = 0;
			defaultConfigurationName = Release;
		};
		A0C8E57F271FF19000848FCB /* Build configuration list for PBXNativeTarget "BlablaBlock" */ = {
			isa = XCConfigurationList;
			buildConfigurations = (
				A0C8E580271FF19000848FCB /* Debug */,
				A0C8E581271FF19000848FCB /* Release */,
			);
			defaultConfigurationIsVisible = 0;
			defaultConfigurationName = Release;
		};
		A0C8E582271FF19000848FCB /* Build configuration list for PBXNativeTarget "BlablaBlockTests" */ = {
			isa = XCConfigurationList;
			buildConfigurations = (
				A0C8E583271FF19000848FCB /* Debug */,
				A0C8E584271FF19000848FCB /* Release */,
			);
			defaultConfigurationIsVisible = 0;
			defaultConfigurationName = Release;
		};
		A0C8E585271FF19000848FCB /* Build configuration list for PBXNativeTarget "BlablaBlockUITests" */ = {
			isa = XCConfigurationList;
			buildConfigurations = (
				A0C8E586271FF19000848FCB /* Debug */,
				A0C8E587271FF19000848FCB /* Release */,
			);
			defaultConfigurationIsVisible = 0;
			defaultConfigurationName = Release;
		};
/* End XCConfigurationList section */
	};
	rootObject = A0C8E54D271FF18900848FCB /* Project object */;
}
